// !$*UTF8*$!
{
	archiveVersion = 1;
	classes = {
	};
	objectVersion = 46;
	objects = {

/* Begin PBXBuildFile section */
		C663E9AB1D06348200D12141 /* main.m in Sources */ = {isa = PBXBuildFile; fileRef = C663E9AA1D06348200D12141 /* main.m */; };
		C663E9AE1D06348200D12141 /* AppDelegate.m in Sources */ = {isa = PBXBuildFile; fileRef = C663E9AD1D06348200D12141 /* AppDelegate.m */; };
		C663E9B41D06348200D12141 /* Main.storyboard in Resources */ = {isa = PBXBuildFile; fileRef = C663E9B21D06348200D12141 /* Main.storyboard */; };
		C663E9B61D06348200D12141 /* Assets.xcassets in Resources */ = {isa = PBXBuildFile; fileRef = C663E9B51D06348200D12141 /* Assets.xcassets */; };
		C663E9B91D06348200D12141 /* LaunchScreen.storyboard in Resources */ = {isa = PBXBuildFile; fileRef = C663E9B71D06348200D12141 /* LaunchScreen.storyboard */; };
		C663E9C21D06353100D12141 /* IJCharactersTableViewController.m in Sources */ = {isa = PBXBuildFile; fileRef = C663E9C11D06353100D12141 /* IJCharactersTableViewController.m */; };
		C663E9C71D0635D700D12141 /* Characters.m in Sources */ = {isa = PBXBuildFile; fileRef = C663E9C61D0635D700D12141 /* Characters.m */; };
		C69B92681D0670E5006DC796 /* rotlapp.json in Resources */ = {isa = PBXBuildFile; fileRef = C69B92671D0670E5006DC796 /* rotlapp.json */; };
/* End PBXBuildFile section */

/* Begin PBXFileReference section */
		C663E9A61D06348200D12141 /* Raiders of the Lost App Myers.app */ = {isa = PBXFileReference; explicitFileType = wrapper.application; includeInIndex = 0; path = "Raiders of the Lost App Myers.app"; sourceTree = BUILT_PRODUCTS_DIR; };
		C663E9AA1D06348200D12141 /* main.m */ = {isa = PBXFileReference; lastKnownFileType = sourcecode.c.objc; path = main.m; sourceTree = "<group>"; };
		C663E9AC1D06348200D12141 /* AppDelegate.h */ = {isa = PBXFileReference; lastKnownFileType = sourcecode.c.h; path = AppDelegate.h; sourceTree = "<group>"; };
		C663E9AD1D06348200D12141 /* AppDelegate.m */ = {isa = PBXFileReference; lastKnownFileType = sourcecode.c.objc; path = AppDelegate.m; sourceTree = "<group>"; };
		C663E9B31D06348200D12141 /* Base */ = {isa = PBXFileReference; lastKnownFileType = file.storyboard; name = Base; path = Base.lproj/Main.storyboard; sourceTree = "<group>"; };
		C663E9B51D06348200D12141 /* Assets.xcassets */ = {isa = PBXFileReference; lastKnownFileType = folder.assetcatalog; path = Assets.xcassets; sourceTree = "<group>"; };
		C663E9B81D06348200D12141 /* Base */ = {isa = PBXFileReference; lastKnownFileType = file.storyboard; name = Base; path = Base.lproj/LaunchScreen.storyboard; sourceTree = "<group>"; };
		C663E9BA1D06348200D12141 /* Info.plist */ = {isa = PBXFileReference; lastKnownFileType = text.plist.xml; path = Info.plist; sourceTree = "<group>"; };
		C663E9C01D06353100D12141 /* IJCharactersTableViewController.h */ = {isa = PBXFileReference; fileEncoding = 4; lastKnownFileType = sourcecode.c.h; path = IJCharactersTableViewController.h; sourceTree = "<group>"; };
		C663E9C11D06353100D12141 /* IJCharactersTableViewController.m */ = {isa = PBXFileReference; fileEncoding = 4; lastKnownFileType = sourcecode.c.objc; path = IJCharactersTableViewController.m; sourceTree = "<group>"; };
		C663E9C51D0635D700D12141 /* Characters.h */ = {isa = PBXFileReference; fileEncoding = 4; lastKnownFileType = sourcecode.c.h; path = Characters.h; sourceTree = "<group>"; };
		C663E9C61D0635D700D12141 /* Characters.m */ = {isa = PBXFileReference; fileEncoding = 4; lastKnownFileType = sourcecode.c.objc; path = Characters.m; sourceTree = "<group>"; };
		C69B92671D0670E5006DC796 /* rotlapp.json */ = {isa = PBXFileReference; fileEncoding = 4; lastKnownFileType = text.json; path = rotlapp.json; sourceTree = "<group>"; };
/* End PBXFileReference section */

/* Begin PBXFrameworksBuildPhase section */
		C663E9A31D06348200D12141 /* Frameworks */ = {
			isa = PBXFrameworksBuildPhase;
			buildActionMask = 2147483647;
			files = (
			);
			runOnlyForDeploymentPostprocessing = 0;
		};
/* End PBXFrameworksBuildPhase section */

/* Begin PBXGroup section */
		C663E99D1D06348200D12141 = {
			isa = PBXGroup;
			children = (
				C663E9A81D06348200D12141 /* Raiders of the Lost App Myers */,
				C663E9A71D06348200D12141 /* Products */,
			);
			sourceTree = "<group>";
		};
		C663E9A71D06348200D12141 /* Products */ = {
			isa = PBXGroup;
			children = (
				C663E9A61D06348200D12141 /* Raiders of the Lost App Myers.app */,
			);
			name = Products;
			sourceTree = "<group>";
		};
		C663E9A81D06348200D12141 /* Raiders of the Lost App Myers */ = {
			isa = PBXGroup;
			children = (
				C663E9AC1D06348200D12141 /* AppDelegate.h */,
				C663E9AD1D06348200D12141 /* AppDelegate.m */,
				C663E9B21D06348200D12141 /* Main.storyboard */,
				C663E9C01D06353100D12141 /* IJCharactersTableViewController.h */,
				C663E9C11D06353100D12141 /* IJCharactersTableViewController.m */,
				C663E9C51D0635D700D12141 /* Characters.h */,
				C663E9C61D0635D700D12141 /* Characters.m */,
				C663E9B51D06348200D12141 /* Assets.xcassets */,
				C69B92671D0670E5006DC796 /* rotlapp.json */,
				C663E9B71D06348200D12141 /* LaunchScreen.storyboard */,
				C663E9BA1D06348200D12141 /* Info.plist */,
				C663E9A91D06348200D12141 /* Supporting Files */,
			);
			path = "Raiders of the Lost App Myers";
			sourceTree = "<group>";
		};
		C663E9A91D06348200D12141 /* Supporting Files */ = {
			isa = PBXGroup;
			children = (
				C663E9AA1D06348200D12141 /* main.m */,
			);
			name = "Supporting Files";
			sourceTree = "<group>";
		};
/* End PBXGroup section */

/* Begin PBXNativeTarget section */
		C663E9A51D06348200D12141 /* Raiders of the Lost App Myers */ = {
			isa = PBXNativeTarget;
			buildConfigurationList = C663E9BD1D06348200D12141 /* Build configuration list for PBXNativeTarget "Raiders of the Lost App Myers" */;
			buildPhases = (
				C663E9A21D06348200D12141 /* Sources */,
				C663E9A31D06348200D12141 /* Frameworks */,
				C663E9A41D06348200D12141 /* Resources */,
			);
			buildRules = (
			);
			dependencies = (
			);
			name = "Raiders of the Lost App Myers";
			productName = "Raiders of the Lost App Myers";
			productReference = C663E9A61D06348200D12141 /* Raiders of the Lost App Myers.app */;
			productType = "com.apple.product-type.application";
		};
/* End PBXNativeTarget section */

/* Begin PBXProject section */
		C663E99E1D06348200D12141 /* Project object */ = {
			isa = PBXProject;
			attributes = {
				LastUpgradeCheck = 0730;
				ORGANIZATIONNAME = "Dragoman Developers, LLC";
				TargetAttributes = {
					C663E9A51D06348200D12141 = {
						CreatedOnToolsVersion = 7.3.1;
					};
				};
			};
			buildConfigurationList = C663E9A11D06348200D12141 /* Build configuration list for PBXProject "Raiders of the Lost App Myers" */;
			compatibilityVersion = "Xcode 3.2";
			developmentRegion = English;
			hasScannedForEncodings = 0;
			knownRegions = (
				en,
				Base,
			);
			mainGroup = C663E99D1D06348200D12141;
			productRefGroup = C663E9A71D06348200D12141 /* Products */;
			projectDirPath = "";
			projectRoot = "";
			targets = (
				C663E9A51D06348200D12141 /* Raiders of the Lost App Myers */,
			);
		};
/* End PBXProject section */

/* Begin PBXResourcesBuildPhase section */
		C663E9A41D06348200D12141 /* Resources */ = {
			isa = PBXResourcesBuildPhase;
			buildActionMask = 2147483647;
			files = (
				C663E9B91D06348200D12141 /* LaunchScreen.storyboard in Resources */,
				C663E9B61D06348200D12141 /* Assets.xcassets in Resources */,
				C69B92681D0670E5006DC796 /* rotlapp.json in Resources */,
				C663E9B41D06348200D12141 /* Main.storyboard in Resources */,
			);
			runOnlyForDeploymentPostprocessing = 0;
		};
/* End PBXResourcesBuildPhase section */

/* Begin PBXSourcesBuildPhase section */
		C663E9A21D06348200D12141 /* Sources */ = {
			isa = PBXSourcesBuildPhase;
			buildActionMask = 2147483647;
			files = (
				C663E9AE1D06348200D12141 /* AppDelegate.m in Sources */,
				C663E9AB1D06348200D12141 /* main.m in Sources */,
				C663E9C21D06353100D12141 /* IJCharactersTableViewController.m in Sources */,
				C663E9C71D0635D700D12141 /* Characters.m in Sources */,
			);
			runOnlyForDeploymentPostprocessing = 0;
		};
/* End PBXSourcesBuildPhase section */

/* Begin PBXVariantGroup section */
		C663E9B21D06348200D12141 /* Main.storyboard */ = {
			isa = PBXVariantGroup;
			children = (
				C663E9B31D06348200D12141 /* Base */,
			);
			name = Main.storyboard;
			sourceTree = "<group>";
		};
		C663E9B71D06348200D12141 /* LaunchScreen.storyboard */ = {
			isa = PBXVariantGroup;
			children = (
				C663E9B81D06348200D12141 /* Base */,
			);
			name = LaunchScreen.storyboard;
			sourceTree = "<group>";
		};
/* End PBXVariantGroup section */

/* Begin XCBuildConfiguration section */
		C663E9BB1D06348200D12141 /* Debug */ = {
			isa = XCBuildConfiguration;
			buildSettings = {
				ALWAYS_SEARCH_USER_PATHS = NO;
				CLANG_ANALYZER_NONNULL = YES;
				CLANG_CXX_LANGUAGE_STANDARD = "gnu++0x";
				CLANG_CXX_LIBRARY = "libc++";
				CLANG_ENABLE_MODULES = YES;
				CLANG_ENABLE_OBJC_ARC = YES;
				CLANG_WARN_BOOL_CONVERSION = YES;
				CLANG_WARN_CONSTANT_CONVERSION = YES;
				CLANG_WARN_DIRECT_OBJC_ISA_USAGE = YES_ERROR;
				CLANG_WARN_EMPTY_BODY = YES;
				CLANG_WARN_ENUM_CONVERSION = YES;
				CLANG_WARN_INT_CONVERSION = YES;
				CLANG_WARN_OBJC_ROOT_CLASS = YES_ERROR;
				CLANG_WARN_UNREACHABLE_CODE = YES;
				CLANG_WARN__DUPLICATE_METHOD_MATCH = YES;
				"CODE_SIGN_IDENTITY[sdk=iphoneos*]" = "iPhone Developer";
				COPY_PHASE_STRIP = NO;
				DEBUG_INFORMATION_FORMAT = dwarf;
				ENABLE_STRICT_OBJC_MSGSEND = YES;
				ENABLE_TESTABILITY = YES;
				GCC_C_LANGUAGE_STANDARD = gnu99;
				GCC_DYNAMIC_NO_PIC = NO;
				GCC_NO_COMMON_BLOCKS = YES;
				GCC_OPTIMIZATION_LEVEL = 0;
				GCC_PREPROCESSOR_DEFINITIONS = (
					"DEBUG=1",
					"$(inherited)",
				);
				GCC_WARN_64_TO_32_BIT_CONVERSION = YES;
				GCC_WARN_ABOUT_RETURN_TYPE = YES_ERROR;
				GCC_WARN_UNDECLARED_SELECTOR = YES;
				GCC_WARN_UNINITIALIZED_AUTOS = YES_AGGRESSIVE;
				GCC_WARN_UNUSED_FUNCTION = YES;
				GCC_WARN_UNUSED_VARIABLE = YES;
				IPHONEOS_DEPLOYMENT_TARGET = 9.3;
				MTL_ENABLE_DEBUG_INFO = YES;
				ONLY_ACTIVE_ARCH = YES;
				SDKROOT = iphoneos;
			};
			name = Debug;
		};
		C663E9BC1D06348200D12141 /* Release */ = {
			isa = XCBuildConfiguration;
			buildSettings = {
				ALWAYS_SEARCH_USER_PATHS = NO;
				CLANG_ANALYZER_NONNULL = YES;
				CLANG_CXX_LANGUAGE_STANDARD = "gnu++0x";
				CLANG_CXX_LIBRARY = "libc++";
				CLANG_ENABLE_MODULES = YES;
				CLANG_ENABLE_OBJC_ARC = YES;
				CLANG_WARN_BOOL_CONVERSION = YES;
				CLANG_WARN_CONSTANT_CONVERSION = YES;
				CLANG_WARN_DIRECT_OBJC_ISA_USAGE = YES_ERROR;
				CLANG_WARN_EMPTY_BODY = YES;
				CLANG_WARN_ENUM_CONVERSION = YES;
				CLANG_WARN_INT_CONVERSION = YES;
				CLANG_WARN_OBJC_ROOT_CLASS = YES_ERROR;
				CLANG_WARN_UNREACHABLE_CODE = YES;
				CLANG_WARN__DUPLICATE_METHOD_MATCH = YES;
				"CODE_SIGN_IDENTITY[sdk=iphoneos*]" = "iPhone Developer";
				COPY_PHASE_STRIP = NO;
				DEBUG_INFORMATION_FORMAT = "dwarf-with-dsym";
				ENABLE_NS_ASSERTIONS = NO;
				ENABLE_STRICT_OBJC_MSGSEND = YES;
				GCC_C_LANGUAGE_STANDARD = gnu99;
				GCC_NO_COMMON_BLOCKS = YES;
				GCC_WARN_64_TO_32_BIT_CONVERSION = YES;
				GCC_WARN_ABOUT_RETURN_TYPE = YES_ERROR;
				GCC_WARN_UNDECLARED_SELECTOR = YES;
				GCC_WARN_UNINITIALIZED_AUTOS = YES_AGGRESSIVE;
				GCC_WARN_UNUSED_FUNCTION = YES;
				GCC_WARN_UNUSED_VARIABLE = YES;
				IPHONEOS_DEPLOYMENT_TARGET = 9.3;
				MTL_ENABLE_DEBUG_INFO = NO;
				SDKROOT = iphoneos;
				VALIDATE_PRODUCT = YES;
			};
			name = Release;
		};
		C663E9BE1D06348200D12141 /* Debug */ = {
			isa = XCBuildConfiguration;
			buildSettings = {
				ASSETCATALOG_COMPILER_APPICON_NAME = AppIcon;
				INFOPLIST_FILE = "Raiders of the Lost App Myers/Info.plist";
				LD_RUNPATH_SEARCH_PATHS = "$(inherited) @executable_path/Frameworks";
				PRODUCT_BUNDLE_IDENTIFIER = "com.dragomandevelopers.Raiders-of-the-Lost-App-Myers";
				PRODUCT_NAME = "$(TARGET_NAME)";
			};
			name = Debug;
		};
		C663E9BF1D06348200D12141 /* Release */ = {
			isa = XCBuildConfiguration;
			buildSettings = {
				ASSETCATALOG_COMPILER_APPICON_NAME = AppIcon;
				INFOPLIST_FILE = "Raiders of the Lost App Myers/Info.plist";
				LD_RUNPATH_SEARCH_PATHS = "$(inherited) @executable_path/Frameworks";
				PRODUCT_BUNDLE_IDENTIFIER = "com.dragomandevelopers.Raiders-of-the-Lost-App-Myers";
				PRODUCT_NAME = "$(TARGET_NAME)";
			};
			name = Release;
		};
/* End XCBuildConfiguration section */

/* Begin XCConfigurationList section */
		C663E9A11D06348200D12141 /* Build configuration list for PBXProject "Raiders of the Lost App Myers" */ = {
			isa = XCConfigurationList;
			buildConfigurations = (
				C663E9BB1D06348200D12141 /* Debug */,
				C663E9BC1D06348200D12141 /* Release */,
			);
			defaultConfigurationIsVisible = 0;
			defaultConfigurationName = Release;
		};
		C663E9BD1D06348200D12141 /* Build configuration list for PBXNativeTarget "Raiders of the Lost App Myers" */ = {
			isa = XCConfigurationList;
			buildConfigurations = (
				C663E9BE1D06348200D12141 /* Debug */,
				C663E9BF1D06348200D12141 /* Release */,
			);
			defaultConfigurationIsVisible = 0;
			defaultConfigurationName = Release;
		};
/* End XCConfigurationList section */
	};
	rootObject = C663E99E1D06348200D12141 /* Project object */;
}
