// !$*UTF8*$!
{
	archiveVersion = 1;
	classes = {
	};
	objectVersion = 46;
	objects = {

/* Begin PBXBuildFile section */
		C6C138951D11CBBA00F13AA7 /* AppDelegate.swift in Sources */ = {isa = PBXBuildFile; fileRef = C6C138941D11CBBA00F13AA7 /* AppDelegate.swift */; };
		C6C1389A1D11CBBA00F13AA7 /* Main.storyboard in Resources */ = {isa = PBXBuildFile; fileRef = C6C138981D11CBBA00F13AA7 /* Main.storyboard */; };
		C6C1389C1D11CBBA00F13AA7 /* Assets.xcassets in Resources */ = {isa = PBXBuildFile; fileRef = C6C1389B1D11CBBA00F13AA7 /* Assets.xcassets */; };
		C6C1389F1D11CBBA00F13AA7 /* LaunchScreen.storyboard in Resources */ = {isa = PBXBuildFile; fileRef = C6C1389D1D11CBBA00F13AA7 /* LaunchScreen.storyboard */; };
		C6C138AB1D11CCCB00F13AA7 /* StarWarsTableViewController.swift in Sources */ = {isa = PBXBuildFile; fileRef = C6C138AA1D11CCCB00F13AA7 /* StarWarsTableViewController.swift */; };
		C6C138AD1D11D91700F13AA7 /* StarWarsTableViewCell.swift in Sources */ = {isa = PBXBuildFile; fileRef = C6C138AC1D11D91700F13AA7 /* StarWarsTableViewCell.swift */; };
		C6C138B11D11DE2A00F13AA7 /* swCharacter.swift in Sources */ = {isa = PBXBuildFile; fileRef = C6C138B01D11DE2A00F13AA7 /* swCharacter.swift */; };
/* End PBXBuildFile section */

/* Begin PBXFileReference section */
		C6C138911D11CBBA00F13AA7 /* StarWarsTable-Myers.app */ = {isa = PBXFileReference; explicitFileType = wrapper.application; includeInIndex = 0; path = "StarWarsTable-Myers.app"; sourceTree = BUILT_PRODUCTS_DIR; };
		C6C138941D11CBBA00F13AA7 /* AppDelegate.swift */ = {isa = PBXFileReference; lastKnownFileType = sourcecode.swift; path = AppDelegate.swift; sourceTree = "<group>"; };
		C6C138991D11CBBA00F13AA7 /* Base */ = {isa = PBXFileReference; lastKnownFileType = file.storyboard; name = Base; path = Base.lproj/Main.storyboard; sourceTree = "<group>"; };
		C6C1389B1D11CBBA00F13AA7 /* Assets.xcassets */ = {isa = PBXFileReference; lastKnownFileType = folder.assetcatalog; path = Assets.xcassets; sourceTree = "<group>"; };
		C6C1389E1D11CBBA00F13AA7 /* Base */ = {isa = PBXFileReference; lastKnownFileType = file.storyboard; name = Base; path = Base.lproj/LaunchScreen.storyboard; sourceTree = "<group>"; };
		C6C138A01D11CBBA00F13AA7 /* Info.plist */ = {isa = PBXFileReference; lastKnownFileType = text.plist.xml; path = Info.plist; sourceTree = "<group>"; };
		C6C138AA1D11CCCB00F13AA7 /* StarWarsTableViewController.swift */ = {isa = PBXFileReference; fileEncoding = 4; lastKnownFileType = sourcecode.swift; name = StarWarsTableViewController.swift; path = ../StarWarsTableViewController.swift; sourceTree = "<group>"; };
		C6C138AC1D11D91700F13AA7 /* StarWarsTableViewCell.swift */ = {isa = PBXFileReference; fileEncoding = 4; lastKnownFileType = sourcecode.swift; path = StarWarsTableViewCell.swift; sourceTree = "<group>"; };
		C6C138B01D11DE2A00F13AA7 /* swCharacter.swift */ = {isa = PBXFileReference; fileEncoding = 4; lastKnownFileType = sourcecode.swift; path = swCharacter.swift; sourceTree = "<group>"; };
/* End PBXFileReference section */

/* Begin PBXFrameworksBuildPhase section */
		C6C1388E1D11CBBA00F13AA7 /* Frameworks */ = {
			isa = PBXFrameworksBuildPhase;
			buildActionMask = 2147483647;
			files = (
			);
			runOnlyForDeploymentPostprocessing = 0;
		};
/* End PBXFrameworksBuildPhase section */

/* Begin PBXGroup section */
		C6C138881D11CBBA00F13AA7 = {
			isa = PBXGroup;
			children = (
				C6C138931D11CBBA00F13AA7 /* StarWarsTable-Myers */,
				C6C138921D11CBBA00F13AA7 /* Products */,
			);
			sourceTree = "<group>";
		};
		C6C138921D11CBBA00F13AA7 /* Products */ = {
			isa = PBXGroup;
			children = (
				C6C138911D11CBBA00F13AA7 /* StarWarsTable-Myers.app */,
			);
			name = Products;
			sourceTree = "<group>";
		};
		C6C138931D11CBBA00F13AA7 /* StarWarsTable-Myers */ = {
			isa = PBXGroup;
			children = (
				C6C138941D11CBBA00F13AA7 /* AppDelegate.swift */,
				C6C138AF1D11D96E00F13AA7 /* Controller */,
				C6C138981D11CBBA00F13AA7 /* Main.storyboard */,
				C6C138B21D11DE3200F13AA7 /* Modal */,
				C6C138AE1D11D94700F13AA7 /* View */,
				C6C1389B1D11CBBA00F13AA7 /* Assets.xcassets */,
				C6C1389D1D11CBBA00F13AA7 /* LaunchScreen.storyboard */,
				C6C138A01D11CBBA00F13AA7 /* Info.plist */,
			);
			path = "StarWarsTable-Myers";
			sourceTree = "<group>";
		};
		C6C138AE1D11D94700F13AA7 /* View */ = {
			isa = PBXGroup;
			children = (
				C6C138AC1D11D91700F13AA7 /* StarWarsTableViewCell.swift */,
			);
			name = View;
			sourceTree = "<group>";
		};
		C6C138AF1D11D96E00F13AA7 /* Controller */ = {
			isa = PBXGroup;
			children = (
				C6C138AA1D11CCCB00F13AA7 /* StarWarsTableViewController.swift */,
			);
			name = Controller;
			sourceTree = "<group>";
		};
		C6C138B21D11DE3200F13AA7 /* Modal */ = {
			isa = PBXGroup;
			children = (
				C6C138B01D11DE2A00F13AA7 /* swCharacter.swift */,
			);
			name = Modal;
			sourceTree = "<group>";
		};
/* End PBXGroup section */

/* Begin PBXNativeTarget section */
		C6C138901D11CBBA00F13AA7 /* StarWarsTable-Myers */ = {
			isa = PBXNativeTarget;
			buildConfigurationList = C6C138A31D11CBBA00F13AA7 /* Build configuration list for PBXNativeTarget "StarWarsTable-Myers" */;
			buildPhases = (
				C6C1388D1D11CBBA00F13AA7 /* Sources */,
				C6C1388E1D11CBBA00F13AA7 /* Frameworks */,
				C6C1388F1D11CBBA00F13AA7 /* Resources */,
			);
			buildRules = (
			);
			dependencies = (
			);
			name = "StarWarsTable-Myers";
			productName = "StarWarsTable-Myers";
			productReference = C6C138911D11CBBA00F13AA7 /* StarWarsTable-Myers.app */;
			productType = "com.apple.product-type.application";
		};
/* End PBXNativeTarget section */

/* Begin PBXProject section */
		C6C138891D11CBBA00F13AA7 /* Project object */ = {
			isa = PBXProject;
			attributes = {
				LastSwiftUpdateCheck = 0730;
				LastUpgradeCheck = 0730;
				ORGANIZATIONNAME = "Dragoman Developers, LLC";
				TargetAttributes = {
					C6C138901D11CBBA00F13AA7 = {
						CreatedOnToolsVersion = 7.3.1;
						LastSwiftMigration = 0810;
					};
				};
			};
			buildConfigurationList = C6C1388C1D11CBBA00F13AA7 /* Build configuration list for PBXProject "StarWarsTable-Myers" */;
			compatibilityVersion = "Xcode 3.2";
			developmentRegion = English;
			hasScannedForEncodings = 0;
			knownRegions = (
				en,
				Base,
			);
			mainGroup = C6C138881D11CBBA00F13AA7;
			productRefGroup = C6C138921D11CBBA00F13AA7 /* Products */;
			projectDirPath = "";
			projectRoot = "";
			targets = (
				C6C138901D11CBBA00F13AA7 /* StarWarsTable-Myers */,
			);
		};
/* End PBXProject section */

/* Begin PBXResourcesBuildPhase section */
		C6C1388F1D11CBBA00F13AA7 /* Resources */ = {
			isa = PBXResourcesBuildPhase;
			buildActionMask = 2147483647;
			files = (
				C6C1389F1D11CBBA00F13AA7 /* LaunchScreen.storyboard in Resources */,
				C6C1389C1D11CBBA00F13AA7 /* Assets.xcassets in Resources */,
				C6C1389A1D11CBBA00F13AA7 /* Main.storyboard in Resources */,
			);
			runOnlyForDeploymentPostprocessing = 0;
		};
/* End PBXResourcesBuildPhase section */

/* Begin PBXSourcesBuildPhase section */
		C6C1388D1D11CBBA00F13AA7 /* Sources */ = {
			isa = PBXSourcesBuildPhase;
			buildActionMask = 2147483647;
			files = (
				C6C138AB1D11CCCB00F13AA7 /* StarWarsTableViewController.swift in Sources */,
				C6C138951D11CBBA00F13AA7 /* AppDelegate.swift in Sources */,
				C6C138AD1D11D91700F13AA7 /* StarWarsTableViewCell.swift in Sources */,
				C6C138B11D11DE2A00F13AA7 /* swCharacter.swift in Sources */,
			);
			runOnlyForDeploymentPostprocessing = 0;
		};
/* End PBXSourcesBuildPhase section */

/* Begin PBXVariantGroup section */
		C6C138981D11CBBA00F13AA7 /* Main.storyboard */ = {
			isa = PBXVariantGroup;
			children = (
				C6C138991D11CBBA00F13AA7 /* Base */,
			);
			name = Main.storyboard;
			sourceTree = "<group>";
		};
		C6C1389D1D11CBBA00F13AA7 /* LaunchScreen.storyboard */ = {
			isa = PBXVariantGroup;
			children = (
				C6C1389E1D11CBBA00F13AA7 /* Base */,
			);
			name = LaunchScreen.storyboard;
			sourceTree = "<group>";
		};
/* End PBXVariantGroup section */

/* Begin XCBuildConfiguration section */
		C6C138A11D11CBBA00F13AA7 /* Debug */ = {
			isa = XCBuildConfiguration;
			buildSettings = {
				ALWAYS_SEARCH_USER_PATHS = NO;
				CLANG_ANALYZER_NONNULL = YES;
				CLANG_CXX_LANGUAGE_STANDARD = "gnu++0x";
				CLANG_CXX_LIBRARY = "libc++";
				CLANG_ENABLE_MODULES = YES;
				CLANG_ENABLE_OBJC_ARC = YES;
				CLANG_WARN_BOOL_CONVERSION = YES;
				CLANG_WARN_CONSTANT_CONVERSION = YES;
				CLANG_WARN_DIRECT_OBJC_ISA_USAGE = YES_ERROR;
				CLANG_WARN_EMPTY_BODY = YES;
				CLANG_WARN_ENUM_CONVERSION = YES;
				CLANG_WARN_INT_CONVERSION = YES;
				CLANG_WARN_OBJC_ROOT_CLASS = YES_ERROR;
				CLANG_WARN_UNREACHABLE_CODE = YES;
				CLANG_WARN__DUPLICATE_METHOD_MATCH = YES;
				"CODE_SIGN_IDENTITY[sdk=iphoneos*]" = "iPhone Developer";
				COPY_PHASE_STRIP = NO;
				DEBUG_INFORMATION_FORMAT = dwarf;
				ENABLE_STRICT_OBJC_MSGSEND = YES;
				ENABLE_TESTABILITY = YES;
				GCC_C_LANGUAGE_STANDARD = gnu99;
				GCC_DYNAMIC_NO_PIC = NO;
				GCC_NO_COMMON_BLOCKS = YES;
				GCC_OPTIMIZATION_LEVEL = 0;
				GCC_PREPROCESSOR_DEFINITIONS = (
					"DEBUG=1",
					"$(inherited)",
				);
				GCC_WARN_64_TO_32_BIT_CONVERSION = YES;
				GCC_WARN_ABOUT_RETURN_TYPE = YES_ERROR;
				GCC_WARN_UNDECLARED_SELECTOR = YES;
				GCC_WARN_UNINITIALIZED_AUTOS = YES_AGGRESSIVE;
				GCC_WARN_UNUSED_FUNCTION = YES;
				GCC_WARN_UNUSED_VARIABLE = YES;
				IPHONEOS_DEPLOYMENT_TARGET = 9.3;
				MTL_ENABLE_DEBUG_INFO = YES;
				ONLY_ACTIVE_ARCH = YES;
				SDKROOT = iphoneos;
				SWIFT_OPTIMIZATION_LEVEL = "-Onone";
			};
			name = Debug;
		};
		C6C138A21D11CBBA00F13AA7 /* Release */ = {
			isa = XCBuildConfiguration;
			buildSettings = {
				ALWAYS_SEARCH_USER_PATHS = NO;
				CLANG_ANALYZER_NONNULL = YES;
				CLANG_CXX_LANGUAGE_STANDARD = "gnu++0x";
				CLANG_CXX_LIBRARY = "libc++";
				CLANG_ENABLE_MODULES = YES;
				CLANG_ENABLE_OBJC_ARC = YES;
				CLANG_WARN_BOOL_CONVERSION = YES;
				CLANG_WARN_CONSTANT_CONVERSION = YES;
				CLANG_WARN_DIRECT_OBJC_ISA_USAGE = YES_ERROR;
				CLANG_WARN_EMPTY_BODY = YES;
				CLANG_WARN_ENUM_CONVERSION = YES;
				CLANG_WARN_INT_CONVERSION = YES;
				CLANG_WARN_OBJC_ROOT_CLASS = YES_ERROR;
				CLANG_WARN_UNREACHABLE_CODE = YES;
				CLANG_WARN__DUPLICATE_METHOD_MATCH = YES;
				"CODE_SIGN_IDENTITY[sdk=iphoneos*]" = "iPhone Developer";
				COPY_PHASE_STRIP = NO;
				DEBUG_INFORMATION_FORMAT = "dwarf-with-dsym";
				ENABLE_NS_ASSERTIONS = NO;
				ENABLE_STRICT_OBJC_MSGSEND = YES;
				GCC_C_LANGUAGE_STANDARD = gnu99;
				GCC_NO_COMMON_BLOCKS = YES;
				GCC_WARN_64_TO_32_BIT_CONVERSION = YES;
				GCC_WARN_ABOUT_RETURN_TYPE = YES_ERROR;
				GCC_WARN_UNDECLARED_SELECTOR = YES;
				GCC_WARN_UNINITIALIZED_AUTOS = YES_AGGRESSIVE;
				GCC_WARN_UNUSED_FUNCTION = YES;
				GCC_WARN_UNUSED_VARIABLE = YES;
				IPHONEOS_DEPLOYMENT_TARGET = 9.3;
				MTL_ENABLE_DEBUG_INFO = NO;
				SDKROOT = iphoneos;
				VALIDATE_PRODUCT = YES;
			};
			name = Release;
		};
		C6C138A41D11CBBA00F13AA7 /* Debug */ = {
			isa = XCBuildConfiguration;
			buildSettings = {
				ASSETCATALOG_COMPILER_APPICON_NAME = AppIcon;
				INFOPLIST_FILE = "StarWarsTable-Myers/Info.plist";
				LD_RUNPATH_SEARCH_PATHS = "$(inherited) @executable_path/Frameworks";
				PRODUCT_BUNDLE_IDENTIFIER = "com.dragomandevelopers.StarWarsTable-Myers";
				PRODUCT_NAME = "$(TARGET_NAME)";
				SWIFT_VERSION = 3.0;
			};
			name = Debug;
		};
		C6C138A51D11CBBA00F13AA7 /* Release */ = {
			isa = XCBuildConfiguration;
			buildSettings = {
				ASSETCATALOG_COMPILER_APPICON_NAME = AppIcon;
				INFOPLIST_FILE = "StarWarsTable-Myers/Info.plist";
				LD_RUNPATH_SEARCH_PATHS = "$(inherited) @executable_path/Frameworks";
				PRODUCT_BUNDLE_IDENTIFIER = "com.dragomandevelopers.StarWarsTable-Myers";
				PRODUCT_NAME = "$(TARGET_NAME)";
				SWIFT_VERSION = 3.0;
			};
			name = Release;
		};
/* End XCBuildConfiguration section */

/* Begin XCConfigurationList section */
		C6C1388C1D11CBBA00F13AA7 /* Build configuration list for PBXProject "StarWarsTable-Myers" */ = {
			isa = XCConfigurationList;
			buildConfigurations = (
				C6C138A11D11CBBA00F13AA7 /* Debug */,
				C6C138A21D11CBBA00F13AA7 /* Release */,
			);
			defaultConfigurationIsVisible = 0;
			defaultConfigurationName = Release;
		};
		C6C138A31D11CBBA00F13AA7 /* Build configuration list for PBXNativeTarget "StarWarsTable-Myers" */ = {
			isa = XCConfigurationList;
			buildConfigurations = (
				C6C138A41D11CBBA00F13AA7 /* Debug */,
				C6C138A51D11CBBA00F13AA7 /* Release */,
			);
			defaultConfigurationIsVisible = 0;
			defaultConfigurationName = Release;
		};
/* End XCConfigurationList section */
	};
	rootObject = C6C138891D11CBBA00F13AA7 /* Project object */;
}
