// !$*UTF8*$!
{
	archiveVersion = 1;
	classes = {
	};
	objectVersion = 46;
	objects = {

/* Begin PBXBuildFile section */
		C6D3D2E41D03EB2D00073508 /* MoviesDetailViewController.m in Sources */ = {isa = PBXBuildFile; fileRef = C6D3D2E31D03EB2D00073508 /* MoviesDetailViewController.m */; };
		C6D85AE51D03C9A200CF1677 /* main.m in Sources */ = {isa = PBXBuildFile; fileRef = C6D85AE41D03C9A200CF1677 /* main.m */; };
		C6D85AE81D03C9A200CF1677 /* AppDelegate.m in Sources */ = {isa = PBXBuildFile; fileRef = C6D85AE71D03C9A200CF1677 /* AppDelegate.m */; };
		C6D85AEE1D03C9A200CF1677 /* Main.storyboard in Resources */ = {isa = PBXBuildFile; fileRef = C6D85AEC1D03C9A200CF1677 /* Main.storyboard */; };
		C6D85AF01D03C9A200CF1677 /* Assets.xcassets in Resources */ = {isa = PBXBuildFile; fileRef = C6D85AEF1D03C9A200CF1677 /* Assets.xcassets */; };
		C6D85AF31D03C9A200CF1677 /* LaunchScreen.storyboard in Resources */ = {isa = PBXBuildFile; fileRef = C6D85AF11D03C9A200CF1677 /* LaunchScreen.storyboard */; };
		C6D85AFC1D03C9FD00CF1677 /* MoviesListTableViewController.m in Sources */ = {isa = PBXBuildFile; fileRef = C6D85AFB1D03C9FD00CF1677 /* MoviesListTableViewController.m */; };
		C6D85AFF1D03CAAF00CF1677 /* Movie.m in Sources */ = {isa = PBXBuildFile; fileRef = C6D85AFE1D03CAAF00CF1677 /* Movie.m */; };
		C6D85B011D03CAE900CF1677 /* popular.json in Resources */ = {isa = PBXBuildFile; fileRef = C6D85B001D03CAE900CF1677 /* popular.json */; };
/* End PBXBuildFile section */

/* Begin PBXFileReference section */
		C6D3D2E21D03EB2D00073508 /* MoviesDetailViewController.h */ = {isa = PBXFileReference; fileEncoding = 4; lastKnownFileType = sourcecode.c.h; path = MoviesDetailViewController.h; sourceTree = "<group>"; };
		C6D3D2E31D03EB2D00073508 /* MoviesDetailViewController.m */ = {isa = PBXFileReference; fileEncoding = 4; lastKnownFileType = sourcecode.c.objc; path = MoviesDetailViewController.m; sourceTree = "<group>"; };
		C6D85AE01D03C9A200CF1677 /* Top Movies Myers.app */ = {isa = PBXFileReference; explicitFileType = wrapper.application; includeInIndex = 0; path = "Top Movies Myers.app"; sourceTree = BUILT_PRODUCTS_DIR; };
		C6D85AE41D03C9A200CF1677 /* main.m */ = {isa = PBXFileReference; lastKnownFileType = sourcecode.c.objc; path = main.m; sourceTree = "<group>"; };
		C6D85AE61D03C9A200CF1677 /* AppDelegate.h */ = {isa = PBXFileReference; lastKnownFileType = sourcecode.c.h; path = AppDelegate.h; sourceTree = "<group>"; };
		C6D85AE71D03C9A200CF1677 /* AppDelegate.m */ = {isa = PBXFileReference; lastKnownFileType = sourcecode.c.objc; path = AppDelegate.m; sourceTree = "<group>"; };
		C6D85AED1D03C9A200CF1677 /* Base */ = {isa = PBXFileReference; lastKnownFileType = file.storyboard; name = Base; path = Base.lproj/Main.storyboard; sourceTree = "<group>"; };
		C6D85AEF1D03C9A200CF1677 /* Assets.xcassets */ = {isa = PBXFileReference; lastKnownFileType = folder.assetcatalog; path = Assets.xcassets; sourceTree = "<group>"; };
		C6D85AF21D03C9A200CF1677 /* Base */ = {isa = PBXFileReference; lastKnownFileType = file.storyboard; name = Base; path = Base.lproj/LaunchScreen.storyboard; sourceTree = "<group>"; };
		C6D85AF41D03C9A200CF1677 /* Info.plist */ = {isa = PBXFileReference; lastKnownFileType = text.plist.xml; path = Info.plist; sourceTree = "<group>"; };
		C6D85AFA1D03C9FD00CF1677 /* MoviesListTableViewController.h */ = {isa = PBXFileReference; fileEncoding = 4; lastKnownFileType = sourcecode.c.h; path = MoviesListTableViewController.h; sourceTree = "<group>"; };
		C6D85AFB1D03C9FD00CF1677 /* MoviesListTableViewController.m */ = {isa = PBXFileReference; fileEncoding = 4; lastKnownFileType = sourcecode.c.objc; path = MoviesListTableViewController.m; sourceTree = "<group>"; };
		C6D85AFD1D03CAAF00CF1677 /* Movie.h */ = {isa = PBXFileReference; fileEncoding = 4; lastKnownFileType = sourcecode.c.h; path = Movie.h; sourceTree = "<group>"; };
		C6D85AFE1D03CAAF00CF1677 /* Movie.m */ = {isa = PBXFileReference; fileEncoding = 4; lastKnownFileType = sourcecode.c.objc; path = Movie.m; sourceTree = "<group>"; };
		C6D85B001D03CAE900CF1677 /* popular.json */ = {isa = PBXFileReference; fileEncoding = 4; lastKnownFileType = text.json; path = popular.json; sourceTree = "<group>"; };
/* End PBXFileReference section */

/* Begin PBXFrameworksBuildPhase section */
		C6D85ADD1D03C9A200CF1677 /* Frameworks */ = {
			isa = PBXFrameworksBuildPhase;
			buildActionMask = 2147483647;
			files = (
			);
			runOnlyForDeploymentPostprocessing = 0;
		};
/* End PBXFrameworksBuildPhase section */

/* Begin PBXGroup section */
		C6D3D2E51D03EB3500073508 /* Modal */ = {
			isa = PBXGroup;
			children = (
				C6D85AFD1D03CAAF00CF1677 /* Movie.h */,
				C6D85AFE1D03CAAF00CF1677 /* Movie.m */,
			);
			name = Modal;
			sourceTree = "<group>";
		};
		C6D3D2E61D03EB4300073508 /* Controller */ = {
			isa = PBXGroup;
			children = (
				C6D85AFA1D03C9FD00CF1677 /* MoviesListTableViewController.h */,
				C6D85AFB1D03C9FD00CF1677 /* MoviesListTableViewController.m */,
				C6D3D2E21D03EB2D00073508 /* MoviesDetailViewController.h */,
				C6D3D2E31D03EB2D00073508 /* MoviesDetailViewController.m */,
			);
			name = Controller;
			sourceTree = "<group>";
		};
		C6D85AD71D03C9A200CF1677 = {
			isa = PBXGroup;
			children = (
				C6D85AE21D03C9A200CF1677 /* Top Movies Myers */,
				C6D85AE11D03C9A200CF1677 /* Products */,
			);
			sourceTree = "<group>";
		};
		C6D85AE11D03C9A200CF1677 /* Products */ = {
			isa = PBXGroup;
			children = (
				C6D85AE01D03C9A200CF1677 /* Top Movies Myers.app */,
			);
			name = Products;
			sourceTree = "<group>";
		};
		C6D85AE21D03C9A200CF1677 /* Top Movies Myers */ = {
			isa = PBXGroup;
			children = (
				C6D85AE61D03C9A200CF1677 /* AppDelegate.h */,
				C6D85AE71D03C9A200CF1677 /* AppDelegate.m */,
				C6D3D2E61D03EB4300073508 /* Controller */,
				C6D3D2E51D03EB3500073508 /* Modal */,
				C6D85AEC1D03C9A200CF1677 /* Main.storyboard */,
				C6D85AEF1D03C9A200CF1677 /* Assets.xcassets */,
				C6D85AF11D03C9A200CF1677 /* LaunchScreen.storyboard */,
				C6D85B001D03CAE900CF1677 /* popular.json */,
				C6D85AF41D03C9A200CF1677 /* Info.plist */,
				C6D85AE31D03C9A200CF1677 /* Supporting Files */,
			);
			path = "Top Movies Myers";
			sourceTree = "<group>";
		};
		C6D85AE31D03C9A200CF1677 /* Supporting Files */ = {
			isa = PBXGroup;
			children = (
				C6D85AE41D03C9A200CF1677 /* main.m */,
			);
			name = "Supporting Files";
			sourceTree = "<group>";
		};
/* End PBXGroup section */

/* Begin PBXNativeTarget section */
		C6D85ADF1D03C9A200CF1677 /* Top Movies Myers */ = {
			isa = PBXNativeTarget;
			buildConfigurationList = C6D85AF71D03C9A200CF1677 /* Build configuration list for PBXNativeTarget "Top Movies Myers" */;
			buildPhases = (
				C6D85ADC1D03C9A200CF1677 /* Sources */,
				C6D85ADD1D03C9A200CF1677 /* Frameworks */,
				C6D85ADE1D03C9A200CF1677 /* Resources */,
			);
			buildRules = (
			);
			dependencies = (
			);
			name = "Top Movies Myers";
			productName = "Top Movies Myers";
			productReference = C6D85AE01D03C9A200CF1677 /* Top Movies Myers.app */;
			productType = "com.apple.product-type.application";
		};
/* End PBXNativeTarget section */

/* Begin PBXProject section */
		C6D85AD81D03C9A200CF1677 /* Project object */ = {
			isa = PBXProject;
			attributes = {
				LastUpgradeCheck = 0730;
				ORGANIZATIONNAME = "Dragoman Developers, LLC";
				TargetAttributes = {
					C6D85ADF1D03C9A200CF1677 = {
						CreatedOnToolsVersion = 7.3.1;
					};
				};
			};
			buildConfigurationList = C6D85ADB1D03C9A200CF1677 /* Build configuration list for PBXProject "Top Movies Myers" */;
			compatibilityVersion = "Xcode 3.2";
			developmentRegion = English;
			hasScannedForEncodings = 0;
			knownRegions = (
				en,
				Base,
			);
			mainGroup = C6D85AD71D03C9A200CF1677;
			productRefGroup = C6D85AE11D03C9A200CF1677 /* Products */;
			projectDirPath = "";
			projectRoot = "";
			targets = (
				C6D85ADF1D03C9A200CF1677 /* Top Movies Myers */,
			);
		};
/* End PBXProject section */

/* Begin PBXResourcesBuildPhase section */
		C6D85ADE1D03C9A200CF1677 /* Resources */ = {
			isa = PBXResourcesBuildPhase;
			buildActionMask = 2147483647;
			files = (
				C6D85AF31D03C9A200CF1677 /* LaunchScreen.storyboard in Resources */,
				C6D85AF01D03C9A200CF1677 /* Assets.xcassets in Resources */,
				C6D85AEE1D03C9A200CF1677 /* Main.storyboard in Resources */,
				C6D85B011D03CAE900CF1677 /* popular.json in Resources */,
			);
			runOnlyForDeploymentPostprocessing = 0;
		};
/* End PBXResourcesBuildPhase section */

/* Begin PBXSourcesBuildPhase section */
		C6D85ADC1D03C9A200CF1677 /* Sources */ = {
			isa = PBXSourcesBuildPhase;
			buildActionMask = 2147483647;
			files = (
				C6D85AE81D03C9A200CF1677 /* AppDelegate.m in Sources */,
				C6D85AFC1D03C9FD00CF1677 /* MoviesListTableViewController.m in Sources */,
				C6D3D2E41D03EB2D00073508 /* MoviesDetailViewController.m in Sources */,
				C6D85AFF1D03CAAF00CF1677 /* Movie.m in Sources */,
				C6D85AE51D03C9A200CF1677 /* main.m in Sources */,
			);
			runOnlyForDeploymentPostprocessing = 0;
		};
/* End PBXSourcesBuildPhase section */

/* Begin PBXVariantGroup section */
		C6D85AEC1D03C9A200CF1677 /* Main.storyboard */ = {
			isa = PBXVariantGroup;
			children = (
				C6D85AED1D03C9A200CF1677 /* Base */,
			);
			name = Main.storyboard;
			sourceTree = "<group>";
		};
		C6D85AF11D03C9A200CF1677 /* LaunchScreen.storyboard */ = {
			isa = PBXVariantGroup;
			children = (
				C6D85AF21D03C9A200CF1677 /* Base */,
			);
			name = LaunchScreen.storyboard;
			sourceTree = "<group>";
		};
/* End PBXVariantGroup section */

/* Begin XCBuildConfiguration section */
		C6D85AF51D03C9A200CF1677 /* Debug */ = {
			isa = XCBuildConfiguration;
			buildSettings = {
				ALWAYS_SEARCH_USER_PATHS = NO;
				CLANG_ANALYZER_NONNULL = YES;
				CLANG_CXX_LANGUAGE_STANDARD = "gnu++0x";
				CLANG_CXX_LIBRARY = "libc++";
				CLANG_ENABLE_MODULES = YES;
				CLANG_ENABLE_OBJC_ARC = YES;
				CLANG_WARN_BOOL_CONVERSION = YES;
				CLANG_WARN_CONSTANT_CONVERSION = YES;
				CLANG_WARN_DIRECT_OBJC_ISA_USAGE = YES_ERROR;
				CLANG_WARN_EMPTY_BODY = YES;
				CLANG_WARN_ENUM_CONVERSION = YES;
				CLANG_WARN_INT_CONVERSION = YES;
				CLANG_WARN_OBJC_ROOT_CLASS = YES_ERROR;
				CLANG_WARN_UNREACHABLE_CODE = YES;
				CLANG_WARN__DUPLICATE_METHOD_MATCH = YES;
				"CODE_SIGN_IDENTITY[sdk=iphoneos*]" = "iPhone Developer";
				COPY_PHASE_STRIP = NO;
				DEBUG_INFORMATION_FORMAT = dwarf;
				ENABLE_STRICT_OBJC_MSGSEND = YES;
				ENABLE_TESTABILITY = YES;
				GCC_C_LANGUAGE_STANDARD = gnu99;
				GCC_DYNAMIC_NO_PIC = NO;
				GCC_NO_COMMON_BLOCKS = YES;
				GCC_OPTIMIZATION_LEVEL = 0;
				GCC_PREPROCESSOR_DEFINITIONS = (
					"DEBUG=1",
					"$(inherited)",
				);
				GCC_WARN_64_TO_32_BIT_CONVERSION = YES;
				GCC_WARN_ABOUT_RETURN_TYPE = YES_ERROR;
				GCC_WARN_UNDECLARED_SELECTOR = YES;
				GCC_WARN_UNINITIALIZED_AUTOS = YES_AGGRESSIVE;
				GCC_WARN_UNUSED_FUNCTION = YES;
				GCC_WARN_UNUSED_VARIABLE = YES;
				IPHONEOS_DEPLOYMENT_TARGET = 9.3;
				MTL_ENABLE_DEBUG_INFO = YES;
				ONLY_ACTIVE_ARCH = YES;
				SDKROOT = iphoneos;
			};
			name = Debug;
		};
		C6D85AF61D03C9A200CF1677 /* Release */ = {
			isa = XCBuildConfiguration;
			buildSettings = {
				ALWAYS_SEARCH_USER_PATHS = NO;
				CLANG_ANALYZER_NONNULL = YES;
				CLANG_CXX_LANGUAGE_STANDARD = "gnu++0x";
				CLANG_CXX_LIBRARY = "libc++";
				CLANG_ENABLE_MODULES = YES;
				CLANG_ENABLE_OBJC_ARC = YES;
				CLANG_WARN_BOOL_CONVERSION = YES;
				CLANG_WARN_CONSTANT_CONVERSION = YES;
				CLANG_WARN_DIRECT_OBJC_ISA_USAGE = YES_ERROR;
				CLANG_WARN_EMPTY_BODY = YES;
				CLANG_WARN_ENUM_CONVERSION = YES;
				CLANG_WARN_INT_CONVERSION = YES;
				CLANG_WARN_OBJC_ROOT_CLASS = YES_ERROR;
				CLANG_WARN_UNREACHABLE_CODE = YES;
				CLANG_WARN__DUPLICATE_METHOD_MATCH = YES;
				"CODE_SIGN_IDENTITY[sdk=iphoneos*]" = "iPhone Developer";
				COPY_PHASE_STRIP = NO;
				DEBUG_INFORMATION_FORMAT = "dwarf-with-dsym";
				ENABLE_NS_ASSERTIONS = NO;
				ENABLE_STRICT_OBJC_MSGSEND = YES;
				GCC_C_LANGUAGE_STANDARD = gnu99;
				GCC_NO_COMMON_BLOCKS = YES;
				GCC_WARN_64_TO_32_BIT_CONVERSION = YES;
				GCC_WARN_ABOUT_RETURN_TYPE = YES_ERROR;
				GCC_WARN_UNDECLARED_SELECTOR = YES;
				GCC_WARN_UNINITIALIZED_AUTOS = YES_AGGRESSIVE;
				GCC_WARN_UNUSED_FUNCTION = YES;
				GCC_WARN_UNUSED_VARIABLE = YES;
				IPHONEOS_DEPLOYMENT_TARGET = 9.3;
				MTL_ENABLE_DEBUG_INFO = NO;
				SDKROOT = iphoneos;
				VALIDATE_PRODUCT = YES;
			};
			name = Release;
		};
		C6D85AF81D03C9A200CF1677 /* Debug */ = {
			isa = XCBuildConfiguration;
			buildSettings = {
				ASSETCATALOG_COMPILER_APPICON_NAME = AppIcon;
				INFOPLIST_FILE = "Top Movies Myers/Info.plist";
				LD_RUNPATH_SEARCH_PATHS = "$(inherited) @executable_path/Frameworks";
				PRODUCT_BUNDLE_IDENTIFIER = "com.dragomandevelopers.Top-Movies-Myers";
				PRODUCT_NAME = "$(TARGET_NAME)";
			};
			name = Debug;
		};
		C6D85AF91D03C9A200CF1677 /* Release */ = {
			isa = XCBuildConfiguration;
			buildSettings = {
				ASSETCATALOG_COMPILER_APPICON_NAME = AppIcon;
				INFOPLIST_FILE = "Top Movies Myers/Info.plist";
				LD_RUNPATH_SEARCH_PATHS = "$(inherited) @executable_path/Frameworks";
				PRODUCT_BUNDLE_IDENTIFIER = "com.dragomandevelopers.Top-Movies-Myers";
				PRODUCT_NAME = "$(TARGET_NAME)";
			};
			name = Release;
		};
/* End XCBuildConfiguration section */

/* Begin XCConfigurationList section */
		C6D85ADB1D03C9A200CF1677 /* Build configuration list for PBXProject "Top Movies Myers" */ = {
			isa = XCConfigurationList;
			buildConfigurations = (
				C6D85AF51D03C9A200CF1677 /* Debug */,
				C6D85AF61D03C9A200CF1677 /* Release */,
			);
			defaultConfigurationIsVisible = 0;
			defaultConfigurationName = Release;
		};
		C6D85AF71D03C9A200CF1677 /* Build configuration list for PBXNativeTarget "Top Movies Myers" */ = {
			isa = XCConfigurationList;
			buildConfigurations = (
				C6D85AF81D03C9A200CF1677 /* Debug */,
				C6D85AF91D03C9A200CF1677 /* Release */,
			);
			defaultConfigurationIsVisible = 0;
			defaultConfigurationName = Release;
		};
/* End XCConfigurationList section */
	};
	rootObject = C6D85AD81D03C9A200CF1677 /* Project object */;
}
