// !$*UTF8*$!
{
	archiveVersion = 1;
	classes = {
	};
	objectVersion = 46;
	objects = {

/* Begin PBXBuildFile section */
		C6527A6F1D074F0900E279BC /* main.m in Sources */ = {isa = PBXBuildFile; fileRef = C6527A6E1D074F0900E279BC /* main.m */; };
		C6527A721D074F0900E279BC /* AppDelegate.m in Sources */ = {isa = PBXBuildFile; fileRef = C6527A711D074F0900E279BC /* AppDelegate.m */; };
		C6527A781D074F0900E279BC /* Main.storyboard in Resources */ = {isa = PBXBuildFile; fileRef = C6527A761D074F0900E279BC /* Main.storyboard */; };
		C6527A7A1D074F0900E279BC /* Assets.xcassets in Resources */ = {isa = PBXBuildFile; fileRef = C6527A791D074F0900E279BC /* Assets.xcassets */; };
		C6527A7D1D074F0900E279BC /* LaunchScreen.storyboard in Resources */ = {isa = PBXBuildFile; fileRef = C6527A7B1D074F0900E279BC /* LaunchScreen.storyboard */; };
		C6527A851D074F4C00E279BC /* sturgill.json in Resources */ = {isa = PBXBuildFile; fileRef = C6527A841D074F4C00E279BC /* sturgill.json */; };
		C6527A881D074FBB00E279BC /* AlbumsViewController.m in Sources */ = {isa = PBXBuildFile; fileRef = C6527A871D074FBB00E279BC /* AlbumsViewController.m */; };
		C6527A8B1D074FF100E279BC /* Album.m in Sources */ = {isa = PBXBuildFile; fileRef = C6527A8A1D074FF100E279BC /* Album.m */; };
/* End PBXBuildFile section */

/* Begin PBXFileReference section */
		C6527A6A1D074F0900E279BC /* Artists Albums Myers.app */ = {isa = PBXFileReference; explicitFileType = wrapper.application; includeInIndex = 0; path = "Artists Albums Myers.app"; sourceTree = BUILT_PRODUCTS_DIR; };
		C6527A6E1D074F0900E279BC /* main.m */ = {isa = PBXFileReference; lastKnownFileType = sourcecode.c.objc; path = main.m; sourceTree = "<group>"; };
		C6527A701D074F0900E279BC /* AppDelegate.h */ = {isa = PBXFileReference; lastKnownFileType = sourcecode.c.h; path = AppDelegate.h; sourceTree = "<group>"; };
		C6527A711D074F0900E279BC /* AppDelegate.m */ = {isa = PBXFileReference; lastKnownFileType = sourcecode.c.objc; path = AppDelegate.m; sourceTree = "<group>"; };
		C6527A771D074F0900E279BC /* Base */ = {isa = PBXFileReference; lastKnownFileType = file.storyboard; name = Base; path = Base.lproj/Main.storyboard; sourceTree = "<group>"; };
		C6527A791D074F0900E279BC /* Assets.xcassets */ = {isa = PBXFileReference; lastKnownFileType = folder.assetcatalog; path = Assets.xcassets; sourceTree = "<group>"; };
		C6527A7C1D074F0900E279BC /* Base */ = {isa = PBXFileReference; lastKnownFileType = file.storyboard; name = Base; path = Base.lproj/LaunchScreen.storyboard; sourceTree = "<group>"; };
		C6527A7E1D074F0900E279BC /* Info.plist */ = {isa = PBXFileReference; lastKnownFileType = text.plist.xml; path = Info.plist; sourceTree = "<group>"; };
		C6527A841D074F4C00E279BC /* sturgill.json */ = {isa = PBXFileReference; fileEncoding = 4; lastKnownFileType = text.json; path = sturgill.json; sourceTree = "<group>"; };
		C6527A861D074FBB00E279BC /* AlbumsViewController.h */ = {isa = PBXFileReference; fileEncoding = 4; lastKnownFileType = sourcecode.c.h; path = AlbumsViewController.h; sourceTree = "<group>"; };
		C6527A871D074FBB00E279BC /* AlbumsViewController.m */ = {isa = PBXFileReference; fileEncoding = 4; lastKnownFileType = sourcecode.c.objc; path = AlbumsViewController.m; sourceTree = "<group>"; };
		C6527A891D074FF100E279BC /* Album.h */ = {isa = PBXFileReference; fileEncoding = 4; lastKnownFileType = sourcecode.c.h; path = Album.h; sourceTree = "<group>"; };
		C6527A8A1D074FF100E279BC /* Album.m */ = {isa = PBXFileReference; fileEncoding = 4; lastKnownFileType = sourcecode.c.objc; path = Album.m; sourceTree = "<group>"; };
/* End PBXFileReference section */

/* Begin PBXFrameworksBuildPhase section */
		C6527A671D074F0900E279BC /* Frameworks */ = {
			isa = PBXFrameworksBuildPhase;
			buildActionMask = 2147483647;
			files = (
			);
			runOnlyForDeploymentPostprocessing = 0;
		};
/* End PBXFrameworksBuildPhase section */

/* Begin PBXGroup section */
		C6527A611D074F0900E279BC = {
			isa = PBXGroup;
			children = (
				C6527A6C1D074F0900E279BC /* Artists Albums Myers */,
				C6527A6B1D074F0900E279BC /* Products */,
			);
			sourceTree = "<group>";
		};
		C6527A6B1D074F0900E279BC /* Products */ = {
			isa = PBXGroup;
			children = (
				C6527A6A1D074F0900E279BC /* Artists Albums Myers.app */,
			);
			name = Products;
			sourceTree = "<group>";
		};
		C6527A6C1D074F0900E279BC /* Artists Albums Myers */ = {
			isa = PBXGroup;
			children = (
				C6527A701D074F0900E279BC /* AppDelegate.h */,
				C6527A711D074F0900E279BC /* AppDelegate.m */,
				C6527A8C1D074FFD00E279BC /* Modal */,
				C661CDA61D07C88C00EB408F /* Controller */,
				C6527A761D074F0900E279BC /* Main.storyboard */,
				C6527A791D074F0900E279BC /* Assets.xcassets */,
				C6527A7B1D074F0900E279BC /* LaunchScreen.storyboard */,
				C6527A841D074F4C00E279BC /* sturgill.json */,
				C6527A7E1D074F0900E279BC /* Info.plist */,
				C6527A6D1D074F0900E279BC /* Supporting Files */,
			);
			path = "Artists Albums Myers";
			sourceTree = "<group>";
		};
		C6527A6D1D074F0900E279BC /* Supporting Files */ = {
			isa = PBXGroup;
			children = (
				C6527A6E1D074F0900E279BC /* main.m */,
			);
			name = "Supporting Files";
			sourceTree = "<group>";
		};
		C6527A8C1D074FFD00E279BC /* Modal */ = {
			isa = PBXGroup;
			children = (
				C6527A891D074FF100E279BC /* Album.h */,
				C6527A8A1D074FF100E279BC /* Album.m */,
			);
			name = Modal;
			sourceTree = "<group>";
		};
		C661CDA61D07C88C00EB408F /* Controller */ = {
			isa = PBXGroup;
			children = (
				C6527A861D074FBB00E279BC /* AlbumsViewController.h */,
				C6527A871D074FBB00E279BC /* AlbumsViewController.m */,
			);
			name = Controller;
			sourceTree = "<group>";
		};
/* End PBXGroup section */

/* Begin PBXNativeTarget section */
		C6527A691D074F0900E279BC /* Artists Albums Myers */ = {
			isa = PBXNativeTarget;
			buildConfigurationList = C6527A811D074F0900E279BC /* Build configuration list for PBXNativeTarget "Artists Albums Myers" */;
			buildPhases = (
				C6527A661D074F0900E279BC /* Sources */,
				C6527A671D074F0900E279BC /* Frameworks */,
				C6527A681D074F0900E279BC /* Resources */,
			);
			buildRules = (
			);
			dependencies = (
			);
			name = "Artists Albums Myers";
			productName = "Artists Albums Myers";
			productReference = C6527A6A1D074F0900E279BC /* Artists Albums Myers.app */;
			productType = "com.apple.product-type.application";
		};
/* End PBXNativeTarget section */

/* Begin PBXProject section */
		C6527A621D074F0900E279BC /* Project object */ = {
			isa = PBXProject;
			attributes = {
				LastUpgradeCheck = 0730;
				ORGANIZATIONNAME = "Dragoman Developers, LLC";
				TargetAttributes = {
					C6527A691D074F0900E279BC = {
						CreatedOnToolsVersion = 7.3.1;
					};
				};
			};
			buildConfigurationList = C6527A651D074F0900E279BC /* Build configuration list for PBXProject "Artists Albums Myers" */;
			compatibilityVersion = "Xcode 3.2";
			developmentRegion = English;
			hasScannedForEncodings = 0;
			knownRegions = (
				en,
				Base,
			);
			mainGroup = C6527A611D074F0900E279BC;
			productRefGroup = C6527A6B1D074F0900E279BC /* Products */;
			projectDirPath = "";
			projectRoot = "";
			targets = (
				C6527A691D074F0900E279BC /* Artists Albums Myers */,
			);
		};
/* End PBXProject section */

/* Begin PBXResourcesBuildPhase section */
		C6527A681D074F0900E279BC /* Resources */ = {
			isa = PBXResourcesBuildPhase;
			buildActionMask = 2147483647;
			files = (
				C6527A7D1D074F0900E279BC /* LaunchScreen.storyboard in Resources */,
				C6527A7A1D074F0900E279BC /* Assets.xcassets in Resources */,
				C6527A781D074F0900E279BC /* Main.storyboard in Resources */,
				C6527A851D074F4C00E279BC /* sturgill.json in Resources */,
			);
			runOnlyForDeploymentPostprocessing = 0;
		};
/* End PBXResourcesBuildPhase section */

/* Begin PBXSourcesBuildPhase section */
		C6527A661D074F0900E279BC /* Sources */ = {
			isa = PBXSourcesBuildPhase;
			buildActionMask = 2147483647;
			files = (
				C6527A881D074FBB00E279BC /* AlbumsViewController.m in Sources */,
				C6527A721D074F0900E279BC /* AppDelegate.m in Sources */,
				C6527A6F1D074F0900E279BC /* main.m in Sources */,
				C6527A8B1D074FF100E279BC /* Album.m in Sources */,
			);
			runOnlyForDeploymentPostprocessing = 0;
		};
/* End PBXSourcesBuildPhase section */

/* Begin PBXVariantGroup section */
		C6527A761D074F0900E279BC /* Main.storyboard */ = {
			isa = PBXVariantGroup;
			children = (
				C6527A771D074F0900E279BC /* Base */,
			);
			name = Main.storyboard;
			sourceTree = "<group>";
		};
		C6527A7B1D074F0900E279BC /* LaunchScreen.storyboard */ = {
			isa = PBXVariantGroup;
			children = (
				C6527A7C1D074F0900E279BC /* Base */,
			);
			name = LaunchScreen.storyboard;
			sourceTree = "<group>";
		};
/* End PBXVariantGroup section */

/* Begin XCBuildConfiguration section */
		C6527A7F1D074F0900E279BC /* Debug */ = {
			isa = XCBuildConfiguration;
			buildSettings = {
				ALWAYS_SEARCH_USER_PATHS = NO;
				CLANG_ANALYZER_NONNULL = YES;
				CLANG_CXX_LANGUAGE_STANDARD = "gnu++0x";
				CLANG_CXX_LIBRARY = "libc++";
				CLANG_ENABLE_MODULES = YES;
				CLANG_ENABLE_OBJC_ARC = YES;
				CLANG_WARN_BOOL_CONVERSION = YES;
				CLANG_WARN_CONSTANT_CONVERSION = YES;
				CLANG_WARN_DIRECT_OBJC_ISA_USAGE = YES_ERROR;
				CLANG_WARN_EMPTY_BODY = YES;
				CLANG_WARN_ENUM_CONVERSION = YES;
				CLANG_WARN_INT_CONVERSION = YES;
				CLANG_WARN_OBJC_ROOT_CLASS = YES_ERROR;
				CLANG_WARN_UNREACHABLE_CODE = YES;
				CLANG_WARN__DUPLICATE_METHOD_MATCH = YES;
				"CODE_SIGN_IDENTITY[sdk=iphoneos*]" = "iPhone Developer";
				COPY_PHASE_STRIP = NO;
				DEBUG_INFORMATION_FORMAT = dwarf;
				ENABLE_STRICT_OBJC_MSGSEND = YES;
				ENABLE_TESTABILITY = YES;
				GCC_C_LANGUAGE_STANDARD = gnu99;
				GCC_DYNAMIC_NO_PIC = NO;
				GCC_NO_COMMON_BLOCKS = YES;
				GCC_OPTIMIZATION_LEVEL = 0;
				GCC_PREPROCESSOR_DEFINITIONS = (
					"DEBUG=1",
					"$(inherited)",
				);
				GCC_WARN_64_TO_32_BIT_CONVERSION = YES;
				GCC_WARN_ABOUT_RETURN_TYPE = YES_ERROR;
				GCC_WARN_UNDECLARED_SELECTOR = YES;
				GCC_WARN_UNINITIALIZED_AUTOS = YES_AGGRESSIVE;
				GCC_WARN_UNUSED_FUNCTION = YES;
				GCC_WARN_UNUSED_VARIABLE = YES;
				IPHONEOS_DEPLOYMENT_TARGET = 9.3;
				MTL_ENABLE_DEBUG_INFO = YES;
				ONLY_ACTIVE_ARCH = YES;
				SDKROOT = iphoneos;
			};
			name = Debug;
		};
		C6527A801D074F0900E279BC /* Release */ = {
			isa = XCBuildConfiguration;
			buildSettings = {
				ALWAYS_SEARCH_USER_PATHS = NO;
				CLANG_ANALYZER_NONNULL = YES;
				CLANG_CXX_LANGUAGE_STANDARD = "gnu++0x";
				CLANG_CXX_LIBRARY = "libc++";
				CLANG_ENABLE_MODULES = YES;
				CLANG_ENABLE_OBJC_ARC = YES;
				CLANG_WARN_BOOL_CONVERSION = YES;
				CLANG_WARN_CONSTANT_CONVERSION = YES;
				CLANG_WARN_DIRECT_OBJC_ISA_USAGE = YES_ERROR;
				CLANG_WARN_EMPTY_BODY = YES;
				CLANG_WARN_ENUM_CONVERSION = YES;
				CLANG_WARN_INT_CONVERSION = YES;
				CLANG_WARN_OBJC_ROOT_CLASS = YES_ERROR;
				CLANG_WARN_UNREACHABLE_CODE = YES;
				CLANG_WARN__DUPLICATE_METHOD_MATCH = YES;
				"CODE_SIGN_IDENTITY[sdk=iphoneos*]" = "iPhone Developer";
				COPY_PHASE_STRIP = NO;
				DEBUG_INFORMATION_FORMAT = "dwarf-with-dsym";
				ENABLE_NS_ASSERTIONS = NO;
				ENABLE_STRICT_OBJC_MSGSEND = YES;
				GCC_C_LANGUAGE_STANDARD = gnu99;
				GCC_NO_COMMON_BLOCKS = YES;
				GCC_WARN_64_TO_32_BIT_CONVERSION = YES;
				GCC_WARN_ABOUT_RETURN_TYPE = YES_ERROR;
				GCC_WARN_UNDECLARED_SELECTOR = YES;
				GCC_WARN_UNINITIALIZED_AUTOS = YES_AGGRESSIVE;
				GCC_WARN_UNUSED_FUNCTION = YES;
				GCC_WARN_UNUSED_VARIABLE = YES;
				IPHONEOS_DEPLOYMENT_TARGET = 9.3;
				MTL_ENABLE_DEBUG_INFO = NO;
				SDKROOT = iphoneos;
				VALIDATE_PRODUCT = YES;
			};
			name = Release;
		};
		C6527A821D074F0900E279BC /* Debug */ = {
			isa = XCBuildConfiguration;
			buildSettings = {
				ASSETCATALOG_COMPILER_APPICON_NAME = AppIcon;
				INFOPLIST_FILE = "Artists Albums Myers/Info.plist";
				LD_RUNPATH_SEARCH_PATHS = "$(inherited) @executable_path/Frameworks";
				PRODUCT_BUNDLE_IDENTIFIER = "com.dragomandevelopers.Artists-Albums-Myers";
				PRODUCT_NAME = "$(TARGET_NAME)";
			};
			name = Debug;
		};
		C6527A831D074F0900E279BC /* Release */ = {
			isa = XCBuildConfiguration;
			buildSettings = {
				ASSETCATALOG_COMPILER_APPICON_NAME = AppIcon;
				INFOPLIST_FILE = "Artists Albums Myers/Info.plist";
				LD_RUNPATH_SEARCH_PATHS = "$(inherited) @executable_path/Frameworks";
				PRODUCT_BUNDLE_IDENTIFIER = "com.dragomandevelopers.Artists-Albums-Myers";
				PRODUCT_NAME = "$(TARGET_NAME)";
			};
			name = Release;
		};
/* End XCBuildConfiguration section */

/* Begin XCConfigurationList section */
		C6527A651D074F0900E279BC /* Build configuration list for PBXProject "Artists Albums Myers" */ = {
			isa = XCConfigurationList;
			buildConfigurations = (
				C6527A7F1D074F0900E279BC /* Debug */,
				C6527A801D074F0900E279BC /* Release */,
			);
			defaultConfigurationIsVisible = 0;
			defaultConfigurationName = Release;
		};
		C6527A811D074F0900E279BC /* Build configuration list for PBXNativeTarget "Artists Albums Myers" */ = {
			isa = XCConfigurationList;
			buildConfigurations = (
				C6527A821D074F0900E279BC /* Debug */,
				C6527A831D074F0900E279BC /* Release */,
			);
			defaultConfigurationIsVisible = 0;
			defaultConfigurationName = Release;
		};
/* End XCConfigurationList section */
	};
	rootObject = C6527A621D074F0900E279BC /* Project object */;
}
