// !$*UTF8*$!
{
	archiveVersion = 1;
	classes = {
	};
	objectVersion = 46;
	objects = {

/* Begin PBXBuildFile section */
		C60370F61D11FF6F00F9C1A9 /* AppDelegate.swift in Sources */ = {isa = PBXBuildFile; fileRef = C60370F51D11FF6F00F9C1A9 /* AppDelegate.swift */; };
		C60370FB1D11FF6F00F9C1A9 /* Main.storyboard in Resources */ = {isa = PBXBuildFile; fileRef = C60370F91D11FF6F00F9C1A9 /* Main.storyboard */; };
		C60370FD1D11FF6F00F9C1A9 /* Assets.xcassets in Resources */ = {isa = PBXBuildFile; fileRef = C60370FC1D11FF6F00F9C1A9 /* Assets.xcassets */; };
		C60371001D11FF6F00F9C1A9 /* LaunchScreen.storyboard in Resources */ = {isa = PBXBuildFile; fileRef = C60370FE1D11FF6F00F9C1A9 /* LaunchScreen.storyboard */; };
		C6A608EB1D1210D600902873 /* popular.json in Resources */ = {isa = PBXBuildFile; fileRef = C6A608EA1D1210D600902873 /* popular.json */; };
		C6A608ED1D12115F00902873 /* MoviesTableViewController.swift in Sources */ = {isa = PBXBuildFile; fileRef = C6A608EC1D12115F00902873 /* MoviesTableViewController.swift */; };
		C6A608EF1D1211CD00902873 /* Movie.swift in Sources */ = {isa = PBXBuildFile; fileRef = C6A608EE1D1211CD00902873 /* Movie.swift */; };
/* End PBXBuildFile section */

/* Begin PBXFileReference section */
		C60370F21D11FF6F00F9C1A9 /* MoviesListSwift.app */ = {isa = PBXFileReference; explicitFileType = wrapper.application; includeInIndex = 0; path = MoviesListSwift.app; sourceTree = BUILT_PRODUCTS_DIR; };
		C60370F51D11FF6F00F9C1A9 /* AppDelegate.swift */ = {isa = PBXFileReference; lastKnownFileType = sourcecode.swift; path = AppDelegate.swift; sourceTree = "<group>"; };
		C60370FA1D11FF6F00F9C1A9 /* Base */ = {isa = PBXFileReference; lastKnownFileType = file.storyboard; name = Base; path = Base.lproj/Main.storyboard; sourceTree = "<group>"; };
		C60370FC1D11FF6F00F9C1A9 /* Assets.xcassets */ = {isa = PBXFileReference; lastKnownFileType = folder.assetcatalog; path = Assets.xcassets; sourceTree = "<group>"; };
		C60370FF1D11FF6F00F9C1A9 /* Base */ = {isa = PBXFileReference; lastKnownFileType = file.storyboard; name = Base; path = Base.lproj/LaunchScreen.storyboard; sourceTree = "<group>"; };
		C60371011D11FF6F00F9C1A9 /* Info.plist */ = {isa = PBXFileReference; lastKnownFileType = text.plist.xml; path = Info.plist; sourceTree = "<group>"; };
		C6A608EA1D1210D600902873 /* popular.json */ = {isa = PBXFileReference; fileEncoding = 4; lastKnownFileType = text.json; path = popular.json; sourceTree = "<group>"; };
		C6A608EC1D12115F00902873 /* MoviesTableViewController.swift */ = {isa = PBXFileReference; fileEncoding = 4; lastKnownFileType = sourcecode.swift; name = MoviesTableViewController.swift; path = ../MoviesTableViewController.swift; sourceTree = "<group>"; };
		C6A608EE1D1211CD00902873 /* Movie.swift */ = {isa = PBXFileReference; fileEncoding = 4; lastKnownFileType = sourcecode.swift; path = Movie.swift; sourceTree = "<group>"; };
/* End PBXFileReference section */

/* Begin PBXFrameworksBuildPhase section */
		C60370EF1D11FF6E00F9C1A9 /* Frameworks */ = {
			isa = PBXFrameworksBuildPhase;
			buildActionMask = 2147483647;
			files = (
			);
			runOnlyForDeploymentPostprocessing = 0;
		};
/* End PBXFrameworksBuildPhase section */

/* Begin PBXGroup section */
		C60370E91D11FF6E00F9C1A9 = {
			isa = PBXGroup;
			children = (
				C60370F41D11FF6F00F9C1A9 /* MoviesListSwift */,
				C60370F31D11FF6F00F9C1A9 /* Products */,
			);
			sourceTree = "<group>";
		};
		C60370F31D11FF6F00F9C1A9 /* Products */ = {
			isa = PBXGroup;
			children = (
				C60370F21D11FF6F00F9C1A9 /* MoviesListSwift.app */,
			);
			name = Products;
			sourceTree = "<group>";
		};
		C60370F41D11FF6F00F9C1A9 /* MoviesListSwift */ = {
			isa = PBXGroup;
			children = (
				C60370F51D11FF6F00F9C1A9 /* AppDelegate.swift */,
				C6A608EC1D12115F00902873 /* MoviesTableViewController.swift */,
				C6A608EE1D1211CD00902873 /* Movie.swift */,
				C60370F91D11FF6F00F9C1A9 /* Main.storyboard */,
				C60370FC1D11FF6F00F9C1A9 /* Assets.xcassets */,
				C60370FE1D11FF6F00F9C1A9 /* LaunchScreen.storyboard */,
				C6A608EA1D1210D600902873 /* popular.json */,
				C60371011D11FF6F00F9C1A9 /* Info.plist */,
			);
			path = MoviesListSwift;
			sourceTree = "<group>";
		};
/* End PBXGroup section */

/* Begin PBXNativeTarget section */
		C60370F11D11FF6E00F9C1A9 /* MoviesListSwift */ = {
			isa = PBXNativeTarget;
			buildConfigurationList = C60371041D11FF6F00F9C1A9 /* Build configuration list for PBXNativeTarget "MoviesListSwift" */;
			buildPhases = (
				C60370EE1D11FF6E00F9C1A9 /* Sources */,
				C60370EF1D11FF6E00F9C1A9 /* Frameworks */,
				C60370F01D11FF6E00F9C1A9 /* Resources */,
			);
			buildRules = (
			);
			dependencies = (
			);
			name = MoviesListSwift;
			productName = MoviesListSwift;
			productReference = C60370F21D11FF6F00F9C1A9 /* MoviesListSwift.app */;
			productType = "com.apple.product-type.application";
		};
/* End PBXNativeTarget section */

/* Begin PBXProject section */
		C60370EA1D11FF6E00F9C1A9 /* Project object */ = {
			isa = PBXProject;
			attributes = {
				LastSwiftUpdateCheck = 0730;
				LastUpgradeCheck = 0730;
				ORGANIZATIONNAME = "Dragoman Developers, LLC";
				TargetAttributes = {
					C60370F11D11FF6E00F9C1A9 = {
						CreatedOnToolsVersion = 7.3.1;
					};
				};
			};
			buildConfigurationList = C60370ED1D11FF6E00F9C1A9 /* Build configuration list for PBXProject "MoviesListSwift" */;
			compatibilityVersion = "Xcode 3.2";
			developmentRegion = English;
			hasScannedForEncodings = 0;
			knownRegions = (
				en,
				Base,
			);
			mainGroup = C60370E91D11FF6E00F9C1A9;
			productRefGroup = C60370F31D11FF6F00F9C1A9 /* Products */;
			projectDirPath = "";
			projectRoot = "";
			targets = (
				C60370F11D11FF6E00F9C1A9 /* MoviesListSwift */,
			);
		};
/* End PBXProject section */

/* Begin PBXResourcesBuildPhase section */
		C60370F01D11FF6E00F9C1A9 /* Resources */ = {
			isa = PBXResourcesBuildPhase;
			buildActionMask = 2147483647;
			files = (
				C60371001D11FF6F00F9C1A9 /* LaunchScreen.storyboard in Resources */,
				C60370FD1D11FF6F00F9C1A9 /* Assets.xcassets in Resources */,
				C60370FB1D11FF6F00F9C1A9 /* Main.storyboard in Resources */,
				C6A608EB1D1210D600902873 /* popular.json in Resources */,
			);
			runOnlyForDeploymentPostprocessing = 0;
		};
/* End PBXResourcesBuildPhase section */

/* Begin PBXSourcesBuildPhase section */
		C60370EE1D11FF6E00F9C1A9 /* Sources */ = {
			isa = PBXSourcesBuildPhase;
			buildActionMask = 2147483647;
			files = (
				C6A608ED1D12115F00902873 /* MoviesTableViewController.swift in Sources */,
				C60370F61D11FF6F00F9C1A9 /* AppDelegate.swift in Sources */,
				C6A608EF1D1211CD00902873 /* Movie.swift in Sources */,
			);
			runOnlyForDeploymentPostprocessing = 0;
		};
/* End PBXSourcesBuildPhase section */

/* Begin PBXVariantGroup section */
		C60370F91D11FF6F00F9C1A9 /* Main.storyboard */ = {
			isa = PBXVariantGroup;
			children = (
				C60370FA1D11FF6F00F9C1A9 /* Base */,
			);
			name = Main.storyboard;
			sourceTree = "<group>";
		};
		C60370FE1D11FF6F00F9C1A9 /* LaunchScreen.storyboard */ = {
			isa = PBXVariantGroup;
			children = (
				C60370FF1D11FF6F00F9C1A9 /* Base */,
			);
			name = LaunchScreen.storyboard;
			sourceTree = "<group>";
		};
/* End PBXVariantGroup section */

/* Begin XCBuildConfiguration section */
		C60371021D11FF6F00F9C1A9 /* Debug */ = {
			isa = XCBuildConfiguration;
			buildSettings = {
				ALWAYS_SEARCH_USER_PATHS = NO;
				CLANG_ANALYZER_NONNULL = YES;
				CLANG_CXX_LANGUAGE_STANDARD = "gnu++0x";
				CLANG_CXX_LIBRARY = "libc++";
				CLANG_ENABLE_MODULES = YES;
				CLANG_ENABLE_OBJC_ARC = YES;
				CLANG_WARN_BOOL_CONVERSION = YES;
				CLANG_WARN_CONSTANT_CONVERSION = YES;
				CLANG_WARN_DIRECT_OBJC_ISA_USAGE = YES_ERROR;
				CLANG_WARN_EMPTY_BODY = YES;
				CLANG_WARN_ENUM_CONVERSION = YES;
				CLANG_WARN_INT_CONVERSION = YES;
				CLANG_WARN_OBJC_ROOT_CLASS = YES_ERROR;
				CLANG_WARN_UNREACHABLE_CODE = YES;
				CLANG_WARN__DUPLICATE_METHOD_MATCH = YES;
				"CODE_SIGN_IDENTITY[sdk=iphoneos*]" = "iPhone Developer";
				COPY_PHASE_STRIP = NO;
				DEBUG_INFORMATION_FORMAT = dwarf;
				ENABLE_STRICT_OBJC_MSGSEND = YES;
				ENABLE_TESTABILITY = YES;
				GCC_C_LANGUAGE_STANDARD = gnu99;
				GCC_DYNAMIC_NO_PIC = NO;
				GCC_NO_COMMON_BLOCKS = YES;
				GCC_OPTIMIZATION_LEVEL = 0;
				GCC_PREPROCESSOR_DEFINITIONS = (
					"DEBUG=1",
					"$(inherited)",
				);
				GCC_WARN_64_TO_32_BIT_CONVERSION = YES;
				GCC_WARN_ABOUT_RETURN_TYPE = YES_ERROR;
				GCC_WARN_UNDECLARED_SELECTOR = YES;
				GCC_WARN_UNINITIALIZED_AUTOS = YES_AGGRESSIVE;
				GCC_WARN_UNUSED_FUNCTION = YES;
				GCC_WARN_UNUSED_VARIABLE = YES;
				IPHONEOS_DEPLOYMENT_TARGET = 9.3;
				MTL_ENABLE_DEBUG_INFO = YES;
				ONLY_ACTIVE_ARCH = YES;
				SDKROOT = iphoneos;
				SWIFT_OPTIMIZATION_LEVEL = "-Onone";
			};
			name = Debug;
		};
		C60371031D11FF6F00F9C1A9 /* Release */ = {
			isa = XCBuildConfiguration;
			buildSettings = {
				ALWAYS_SEARCH_USER_PATHS = NO;
				CLANG_ANALYZER_NONNULL = YES;
				CLANG_CXX_LANGUAGE_STANDARD = "gnu++0x";
				CLANG_CXX_LIBRARY = "libc++";
				CLANG_ENABLE_MODULES = YES;
				CLANG_ENABLE_OBJC_ARC = YES;
				CLANG_WARN_BOOL_CONVERSION = YES;
				CLANG_WARN_CONSTANT_CONVERSION = YES;
				CLANG_WARN_DIRECT_OBJC_ISA_USAGE = YES_ERROR;
				CLANG_WARN_EMPTY_BODY = YES;
				CLANG_WARN_ENUM_CONVERSION = YES;
				CLANG_WARN_INT_CONVERSION = YES;
				CLANG_WARN_OBJC_ROOT_CLASS = YES_ERROR;
				CLANG_WARN_UNREACHABLE_CODE = YES;
				CLANG_WARN__DUPLICATE_METHOD_MATCH = YES;
				"CODE_SIGN_IDENTITY[sdk=iphoneos*]" = "iPhone Developer";
				COPY_PHASE_STRIP = NO;
				DEBUG_INFORMATION_FORMAT = "dwarf-with-dsym";
				ENABLE_NS_ASSERTIONS = NO;
				ENABLE_STRICT_OBJC_MSGSEND = YES;
				GCC_C_LANGUAGE_STANDARD = gnu99;
				GCC_NO_COMMON_BLOCKS = YES;
				GCC_WARN_64_TO_32_BIT_CONVERSION = YES;
				GCC_WARN_ABOUT_RETURN_TYPE = YES_ERROR;
				GCC_WARN_UNDECLARED_SELECTOR = YES;
				GCC_WARN_UNINITIALIZED_AUTOS = YES_AGGRESSIVE;
				GCC_WARN_UNUSED_FUNCTION = YES;
				GCC_WARN_UNUSED_VARIABLE = YES;
				IPHONEOS_DEPLOYMENT_TARGET = 9.3;
				MTL_ENABLE_DEBUG_INFO = NO;
				SDKROOT = iphoneos;
				VALIDATE_PRODUCT = YES;
			};
			name = Release;
		};
		C60371051D11FF6F00F9C1A9 /* Debug */ = {
			isa = XCBuildConfiguration;
			buildSettings = {
				ASSETCATALOG_COMPILER_APPICON_NAME = AppIcon;
				INFOPLIST_FILE = MoviesListSwift/Info.plist;
				LD_RUNPATH_SEARCH_PATHS = "$(inherited) @executable_path/Frameworks";
				PRODUCT_BUNDLE_IDENTIFIER = com.dragomandevelopers.MoviesListSwift;
				PRODUCT_NAME = "$(TARGET_NAME)";
			};
			name = Debug;
		};
		C60371061D11FF6F00F9C1A9 /* Release */ = {
			isa = XCBuildConfiguration;
			buildSettings = {
				ASSETCATALOG_COMPILER_APPICON_NAME = AppIcon;
				INFOPLIST_FILE = MoviesListSwift/Info.plist;
				LD_RUNPATH_SEARCH_PATHS = "$(inherited) @executable_path/Frameworks";
				PRODUCT_BUNDLE_IDENTIFIER = com.dragomandevelopers.MoviesListSwift;
				PRODUCT_NAME = "$(TARGET_NAME)";
			};
			name = Release;
		};
/* End XCBuildConfiguration section */

/* Begin XCConfigurationList section */
		C60370ED1D11FF6E00F9C1A9 /* Build configuration list for PBXProject "MoviesListSwift" */ = {
			isa = XCConfigurationList;
			buildConfigurations = (
				C60371021D11FF6F00F9C1A9 /* Debug */,
				C60371031D11FF6F00F9C1A9 /* Release */,
			);
			defaultConfigurationIsVisible = 0;
			defaultConfigurationName = Release;
		};
		C60371041D11FF6F00F9C1A9 /* Build configuration list for PBXNativeTarget "MoviesListSwift" */ = {
			isa = XCConfigurationList;
			buildConfigurations = (
				C60371051D11FF6F00F9C1A9 /* Debug */,
				C60371061D11FF6F00F9C1A9 /* Release */,
			);
			defaultConfigurationIsVisible = 0;
			defaultConfigurationName = Release;
		};
/* End XCConfigurationList section */
	};
	rootObject = C60370EA1D11FF6E00F9C1A9 /* Project object */;
}
