// !$*UTF8*$!
{
	archiveVersion = 1;
	classes = {
	};
	objectVersion = 46;
	objects = {

/* Begin PBXBuildFile section */
		C600A70E1D1076F000EA7EF2 /* AppDelegate.swift in Sources */ = {isa = PBXBuildFile; fileRef = C600A70D1D1076F000EA7EF2 /* AppDelegate.swift */; };
		C600A7101D1076F000EA7EF2 /* ViewController.swift in Sources */ = {isa = PBXBuildFile; fileRef = C600A70F1D1076F000EA7EF2 /* ViewController.swift */; };
		C600A7131D1076F000EA7EF2 /* Main.storyboard in Resources */ = {isa = PBXBuildFile; fileRef = C600A7111D1076F000EA7EF2 /* Main.storyboard */; };
		C600A7151D1076F000EA7EF2 /* Assets.xcassets in Resources */ = {isa = PBXBuildFile; fileRef = C600A7141D1076F000EA7EF2 /* Assets.xcassets */; };
		C600A7181D1076F000EA7EF2 /* LaunchScreen.storyboard in Resources */ = {isa = PBXBuildFile; fileRef = C600A7161D1076F000EA7EF2 /* LaunchScreen.storyboard */; };
		C600A7201D107B1000EA7EF2 /* digital-7.ttf in Resources */ = {isa = PBXBuildFile; fileRef = C600A71F1D107B1000EA7EF2 /* digital-7.ttf */; };
		C600A7221D10ADE600EA7EF2 /* DestinationViewController.swift in Sources */ = {isa = PBXBuildFile; fileRef = C600A7211D10ADE600EA7EF2 /* DestinationViewController.swift */; };
/* End PBXBuildFile section */

/* Begin PBXFileReference section */
		C600A70A1D1076F000EA7EF2 /* 1.21 GigaSwift Myers.app */ = {isa = PBXFileReference; explicitFileType = wrapper.application; includeInIndex = 0; path = "1.21 GigaSwift Myers.app"; sourceTree = BUILT_PRODUCTS_DIR; };
		C600A70D1D1076F000EA7EF2 /* AppDelegate.swift */ = {isa = PBXFileReference; lastKnownFileType = sourcecode.swift; path = AppDelegate.swift; sourceTree = "<group>"; };
		C600A70F1D1076F000EA7EF2 /* ViewController.swift */ = {isa = PBXFileReference; lastKnownFileType = sourcecode.swift; path = ViewController.swift; sourceTree = "<group>"; };
		C600A7121D1076F000EA7EF2 /* Base */ = {isa = PBXFileReference; lastKnownFileType = file.storyboard; name = Base; path = Base.lproj/Main.storyboard; sourceTree = "<group>"; };
		C600A7141D1076F000EA7EF2 /* Assets.xcassets */ = {isa = PBXFileReference; lastKnownFileType = folder.assetcatalog; path = Assets.xcassets; sourceTree = "<group>"; };
		C600A7171D1076F000EA7EF2 /* Base */ = {isa = PBXFileReference; lastKnownFileType = file.storyboard; name = Base; path = Base.lproj/LaunchScreen.storyboard; sourceTree = "<group>"; };
		C600A7191D1076F000EA7EF2 /* Info.plist */ = {isa = PBXFileReference; lastKnownFileType = text.plist.xml; path = Info.plist; sourceTree = "<group>"; };
		C600A71F1D107B1000EA7EF2 /* digital-7.ttf */ = {isa = PBXFileReference; lastKnownFileType = file; path = "digital-7.ttf"; sourceTree = "<group>"; };
		C600A7211D10ADE600EA7EF2 /* DestinationViewController.swift */ = {isa = PBXFileReference; fileEncoding = 4; lastKnownFileType = sourcecode.swift; path = DestinationViewController.swift; sourceTree = "<group>"; };
/* End PBXFileReference section */

/* Begin PBXFrameworksBuildPhase section */
		C600A7071D1076F000EA7EF2 /* Frameworks */ = {
			isa = PBXFrameworksBuildPhase;
			buildActionMask = 2147483647;
			files = (
			);
			runOnlyForDeploymentPostprocessing = 0;
		};
/* End PBXFrameworksBuildPhase section */

/* Begin PBXGroup section */
		C600A7011D1076F000EA7EF2 = {
			isa = PBXGroup;
			children = (
				C600A70C1D1076F000EA7EF2 /* 1.21 GigaSwift Myers */,
				C600A70B1D1076F000EA7EF2 /* Products */,
			);
			sourceTree = "<group>";
		};
		C600A70B1D1076F000EA7EF2 /* Products */ = {
			isa = PBXGroup;
			children = (
				C600A70A1D1076F000EA7EF2 /* 1.21 GigaSwift Myers.app */,
			);
			name = Products;
			sourceTree = "<group>";
		};
		C600A70C1D1076F000EA7EF2 /* 1.21 GigaSwift Myers */ = {
			isa = PBXGroup;
			children = (
				C600A70D1D1076F000EA7EF2 /* AppDelegate.swift */,
				C600A70F1D1076F000EA7EF2 /* ViewController.swift */,
				C600A7111D1076F000EA7EF2 /* Main.storyboard */,
				C600A7211D10ADE600EA7EF2 /* DestinationViewController.swift */,
				C600A7141D1076F000EA7EF2 /* Assets.xcassets */,
				C600A7161D1076F000EA7EF2 /* LaunchScreen.storyboard */,
				C600A7191D1076F000EA7EF2 /* Info.plist */,
				C600A71F1D107B1000EA7EF2 /* digital-7.ttf */,
			);
			path = "1.21 GigaSwift Myers";
			sourceTree = "<group>";
		};
/* End PBXGroup section */

/* Begin PBXNativeTarget section */
		C600A7091D1076F000EA7EF2 /* 1.21 GigaSwift Myers */ = {
			isa = PBXNativeTarget;
			buildConfigurationList = C600A71C1D1076F000EA7EF2 /* Build configuration list for PBXNativeTarget "1.21 GigaSwift Myers" */;
			buildPhases = (
				C600A7061D1076F000EA7EF2 /* Sources */,
				C600A7071D1076F000EA7EF2 /* Frameworks */,
				C600A7081D1076F000EA7EF2 /* Resources */,
			);
			buildRules = (
			);
			dependencies = (
			);
			name = "1.21 GigaSwift Myers";
			productName = "1.21 GigaSwift Myers";
			productReference = C600A70A1D1076F000EA7EF2 /* 1.21 GigaSwift Myers.app */;
			productType = "com.apple.product-type.application";
		};
/* End PBXNativeTarget section */

/* Begin PBXProject section */
		C600A7021D1076F000EA7EF2 /* Project object */ = {
			isa = PBXProject;
			attributes = {
				LastSwiftUpdateCheck = 0730;
				LastUpgradeCheck = 0730;
				ORGANIZATIONNAME = "Dragoman Developers, LLC";
				TargetAttributes = {
					C600A7091D1076F000EA7EF2 = {
						CreatedOnToolsVersion = 7.3.1;
					};
				};
			};
			buildConfigurationList = C600A7051D1076F000EA7EF2 /* Build configuration list for PBXProject "1.21 GigaSwift Myers" */;
			compatibilityVersion = "Xcode 3.2";
			developmentRegion = English;
			hasScannedForEncodings = 0;
			knownRegions = (
				en,
				Base,
			);
			mainGroup = C600A7011D1076F000EA7EF2;
			productRefGroup = C600A70B1D1076F000EA7EF2 /* Products */;
			projectDirPath = "";
			projectRoot = "";
			targets = (
				C600A7091D1076F000EA7EF2 /* 1.21 GigaSwift Myers */,
			);
		};
/* End PBXProject section */

/* Begin PBXResourcesBuildPhase section */
		C600A7081D1076F000EA7EF2 /* Resources */ = {
			isa = PBXResourcesBuildPhase;
			buildActionMask = 2147483647;
			files = (
				C600A7181D1076F000EA7EF2 /* LaunchScreen.storyboard in Resources */,
				C600A7151D1076F000EA7EF2 /* Assets.xcassets in Resources */,
				C600A7131D1076F000EA7EF2 /* Main.storyboard in Resources */,
				C600A7201D107B1000EA7EF2 /* digital-7.ttf in Resources */,
			);
			runOnlyForDeploymentPostprocessing = 0;
		};
/* End PBXResourcesBuildPhase section */

/* Begin PBXSourcesBuildPhase section */
		C600A7061D1076F000EA7EF2 /* Sources */ = {
			isa = PBXSourcesBuildPhase;
			buildActionMask = 2147483647;
			files = (
				C600A7101D1076F000EA7EF2 /* ViewController.swift in Sources */,
				C600A7221D10ADE600EA7EF2 /* DestinationViewController.swift in Sources */,
				C600A70E1D1076F000EA7EF2 /* AppDelegate.swift in Sources */,
			);
			runOnlyForDeploymentPostprocessing = 0;
		};
/* End PBXSourcesBuildPhase section */

/* Begin PBXVariantGroup section */
		C600A7111D1076F000EA7EF2 /* Main.storyboard */ = {
			isa = PBXVariantGroup;
			children = (
				C600A7121D1076F000EA7EF2 /* Base */,
			);
			name = Main.storyboard;
			sourceTree = "<group>";
		};
		C600A7161D1076F000EA7EF2 /* LaunchScreen.storyboard */ = {
			isa = PBXVariantGroup;
			children = (
				C600A7171D1076F000EA7EF2 /* Base */,
			);
			name = LaunchScreen.storyboard;
			sourceTree = "<group>";
		};
/* End PBXVariantGroup section */

/* Begin XCBuildConfiguration section */
		C600A71A1D1076F000EA7EF2 /* Debug */ = {
			isa = XCBuildConfiguration;
			buildSettings = {
				ALWAYS_SEARCH_USER_PATHS = NO;
				CLANG_ANALYZER_NONNULL = YES;
				CLANG_CXX_LANGUAGE_STANDARD = "gnu++0x";
				CLANG_CXX_LIBRARY = "libc++";
				CLANG_ENABLE_MODULES = YES;
				CLANG_ENABLE_OBJC_ARC = YES;
				CLANG_WARN_BOOL_CONVERSION = YES;
				CLANG_WARN_CONSTANT_CONVERSION = YES;
				CLANG_WARN_DIRECT_OBJC_ISA_USAGE = YES_ERROR;
				CLANG_WARN_EMPTY_BODY = YES;
				CLANG_WARN_ENUM_CONVERSION = YES;
				CLANG_WARN_INT_CONVERSION = YES;
				CLANG_WARN_OBJC_ROOT_CLASS = YES_ERROR;
				CLANG_WARN_UNREACHABLE_CODE = YES;
				CLANG_WARN__DUPLICATE_METHOD_MATCH = YES;
				"CODE_SIGN_IDENTITY[sdk=iphoneos*]" = "iPhone Developer";
				COPY_PHASE_STRIP = NO;
				DEBUG_INFORMATION_FORMAT = dwarf;
				ENABLE_STRICT_OBJC_MSGSEND = YES;
				ENABLE_TESTABILITY = YES;
				GCC_C_LANGUAGE_STANDARD = gnu99;
				GCC_DYNAMIC_NO_PIC = NO;
				GCC_NO_COMMON_BLOCKS = YES;
				GCC_OPTIMIZATION_LEVEL = 0;
				GCC_PREPROCESSOR_DEFINITIONS = (
					"DEBUG=1",
					"$(inherited)",
				);
				GCC_WARN_64_TO_32_BIT_CONVERSION = YES;
				GCC_WARN_ABOUT_RETURN_TYPE = YES_ERROR;
				GCC_WARN_UNDECLARED_SELECTOR = YES;
				GCC_WARN_UNINITIALIZED_AUTOS = YES_AGGRESSIVE;
				GCC_WARN_UNUSED_FUNCTION = YES;
				GCC_WARN_UNUSED_VARIABLE = YES;
				IPHONEOS_DEPLOYMENT_TARGET = 9.3;
				MTL_ENABLE_DEBUG_INFO = YES;
				ONLY_ACTIVE_ARCH = YES;
				SDKROOT = iphoneos;
				SWIFT_OPTIMIZATION_LEVEL = "-Onone";
			};
			name = Debug;
		};
		C600A71B1D1076F000EA7EF2 /* Release */ = {
			isa = XCBuildConfiguration;
			buildSettings = {
				ALWAYS_SEARCH_USER_PATHS = NO;
				CLANG_ANALYZER_NONNULL = YES;
				CLANG_CXX_LANGUAGE_STANDARD = "gnu++0x";
				CLANG_CXX_LIBRARY = "libc++";
				CLANG_ENABLE_MODULES = YES;
				CLANG_ENABLE_OBJC_ARC = YES;
				CLANG_WARN_BOOL_CONVERSION = YES;
				CLANG_WARN_CONSTANT_CONVERSION = YES;
				CLANG_WARN_DIRECT_OBJC_ISA_USAGE = YES_ERROR;
				CLANG_WARN_EMPTY_BODY = YES;
				CLANG_WARN_ENUM_CONVERSION = YES;
				CLANG_WARN_INT_CONVERSION = YES;
				CLANG_WARN_OBJC_ROOT_CLASS = YES_ERROR;
				CLANG_WARN_UNREACHABLE_CODE = YES;
				CLANG_WARN__DUPLICATE_METHOD_MATCH = YES;
				"CODE_SIGN_IDENTITY[sdk=iphoneos*]" = "iPhone Developer";
				COPY_PHASE_STRIP = NO;
				DEBUG_INFORMATION_FORMAT = "dwarf-with-dsym";
				ENABLE_NS_ASSERTIONS = NO;
				ENABLE_STRICT_OBJC_MSGSEND = YES;
				GCC_C_LANGUAGE_STANDARD = gnu99;
				GCC_NO_COMMON_BLOCKS = YES;
				GCC_WARN_64_TO_32_BIT_CONVERSION = YES;
				GCC_WARN_ABOUT_RETURN_TYPE = YES_ERROR;
				GCC_WARN_UNDECLARED_SELECTOR = YES;
				GCC_WARN_UNINITIALIZED_AUTOS = YES_AGGRESSIVE;
				GCC_WARN_UNUSED_FUNCTION = YES;
				GCC_WARN_UNUSED_VARIABLE = YES;
				IPHONEOS_DEPLOYMENT_TARGET = 9.3;
				MTL_ENABLE_DEBUG_INFO = NO;
				SDKROOT = iphoneos;
				VALIDATE_PRODUCT = YES;
			};
			name = Release;
		};
		C600A71D1D1076F000EA7EF2 /* Debug */ = {
			isa = XCBuildConfiguration;
			buildSettings = {
				ASSETCATALOG_COMPILER_APPICON_NAME = AppIcon;
				INFOPLIST_FILE = "1.21 GigaSwift Myers/Info.plist";
				LD_RUNPATH_SEARCH_PATHS = "$(inherited) @executable_path/Frameworks";
				PRODUCT_BUNDLE_IDENTIFIER = "com.dragomandevelopers.--21-GigaSwift-Myers";
				PRODUCT_NAME = "$(TARGET_NAME)";
			};
			name = Debug;
		};
		C600A71E1D1076F000EA7EF2 /* Release */ = {
			isa = XCBuildConfiguration;
			buildSettings = {
				ASSETCATALOG_COMPILER_APPICON_NAME = AppIcon;
				INFOPLIST_FILE = "1.21 GigaSwift Myers/Info.plist";
				LD_RUNPATH_SEARCH_PATHS = "$(inherited) @executable_path/Frameworks";
				PRODUCT_BUNDLE_IDENTIFIER = "com.dragomandevelopers.--21-GigaSwift-Myers";
				PRODUCT_NAME = "$(TARGET_NAME)";
			};
			name = Release;
		};
/* End XCBuildConfiguration section */

/* Begin XCConfigurationList section */
		C600A7051D1076F000EA7EF2 /* Build configuration list for PBXProject "1.21 GigaSwift Myers" */ = {
			isa = XCConfigurationList;
			buildConfigurations = (
				C600A71A1D1076F000EA7EF2 /* Debug */,
				C600A71B1D1076F000EA7EF2 /* Release */,
			);
			defaultConfigurationIsVisible = 0;
			defaultConfigurationName = Release;
		};
		C600A71C1D1076F000EA7EF2 /* Build configuration list for PBXNativeTarget "1.21 GigaSwift Myers" */ = {
			isa = XCConfigurationList;
			buildConfigurations = (
				C600A71D1D1076F000EA7EF2 /* Debug */,
				C600A71E1D1076F000EA7EF2 /* Release */,
			);
			defaultConfigurationIsVisible = 0;
		};
/* End XCConfigurationList section */
	};
	rootObject = C600A7021D1076F000EA7EF2 /* Project object */;
}
