// !$*UTF8*$!
{
	archiveVersion = 1;
	classes = {
	};
	objectVersion = 46;
	objects = {

/* Begin PBXBuildFile section */
		C6E70CA51D0F5EF10055A881 /* AppDelegate.swift in Sources */ = {isa = PBXBuildFile; fileRef = C6E70CA41D0F5EF10055A881 /* AppDelegate.swift */; };
		C6E70CA71D0F5EF10055A881 /* ViewController.swift in Sources */ = {isa = PBXBuildFile; fileRef = C6E70CA61D0F5EF10055A881 /* ViewController.swift */; };
		C6E70CAA1D0F5EF10055A881 /* Main.storyboard in Resources */ = {isa = PBXBuildFile; fileRef = C6E70CA81D0F5EF10055A881 /* Main.storyboard */; };
		C6E70CAC1D0F5EF10055A881 /* Assets.xcassets in Resources */ = {isa = PBXBuildFile; fileRef = C6E70CAB1D0F5EF10055A881 /* Assets.xcassets */; };
		C6E70CAF1D0F5EF10055A881 /* LaunchScreen.storyboard in Resources */ = {isa = PBXBuildFile; fileRef = C6E70CAD1D0F5EF10055A881 /* LaunchScreen.storyboard */; };
/* End PBXBuildFile section */

/* Begin PBXFileReference section */
		C6E70CA11D0F5EF10055A881 /* WelcomeAgentSwift - Myers.app */ = {isa = PBXFileReference; explicitFileType = wrapper.application; includeInIndex = 0; path = "WelcomeAgentSwift - Myers.app"; sourceTree = BUILT_PRODUCTS_DIR; };
		C6E70CA41D0F5EF10055A881 /* AppDelegate.swift */ = {isa = PBXFileReference; lastKnownFileType = sourcecode.swift; path = AppDelegate.swift; sourceTree = "<group>"; };
		C6E70CA61D0F5EF10055A881 /* ViewController.swift */ = {isa = PBXFileReference; lastKnownFileType = sourcecode.swift; path = ViewController.swift; sourceTree = "<group>"; };
		C6E70CA91D0F5EF10055A881 /* Base */ = {isa = PBXFileReference; lastKnownFileType = file.storyboard; name = Base; path = Base.lproj/Main.storyboard; sourceTree = "<group>"; };
		C6E70CAB1D0F5EF10055A881 /* Assets.xcassets */ = {isa = PBXFileReference; lastKnownFileType = folder.assetcatalog; path = Assets.xcassets; sourceTree = "<group>"; };
		C6E70CAE1D0F5EF10055A881 /* Base */ = {isa = PBXFileReference; lastKnownFileType = file.storyboard; name = Base; path = Base.lproj/LaunchScreen.storyboard; sourceTree = "<group>"; };
		C6E70CB01D0F5EF10055A881 /* Info.plist */ = {isa = PBXFileReference; lastKnownFileType = text.plist.xml; path = Info.plist; sourceTree = "<group>"; };
/* End PBXFileReference section */

/* Begin PBXFrameworksBuildPhase section */
		C6E70C9E1D0F5EF10055A881 /* Frameworks */ = {
			isa = PBXFrameworksBuildPhase;
			buildActionMask = 2147483647;
			files = (
			);
			runOnlyForDeploymentPostprocessing = 0;
		};
/* End PBXFrameworksBuildPhase section */

/* Begin PBXGroup section */
		C6E70C981D0F5EF10055A881 = {
			isa = PBXGroup;
			children = (
				C6E70CA31D0F5EF10055A881 /* WelcomeAgentSwift - Myers */,
				C6E70CA21D0F5EF10055A881 /* Products */,
			);
			sourceTree = "<group>";
		};
		C6E70CA21D0F5EF10055A881 /* Products */ = {
			isa = PBXGroup;
			children = (
				C6E70CA11D0F5EF10055A881 /* WelcomeAgentSwift - Myers.app */,
			);
			name = Products;
			sourceTree = "<group>";
		};
		C6E70CA31D0F5EF10055A881 /* WelcomeAgentSwift - Myers */ = {
			isa = PBXGroup;
			children = (
				C6E70CA41D0F5EF10055A881 /* AppDelegate.swift */,
				C6E70CA61D0F5EF10055A881 /* ViewController.swift */,
				C6E70CA81D0F5EF10055A881 /* Main.storyboard */,
				C6E70CAB1D0F5EF10055A881 /* Assets.xcassets */,
				C6E70CAD1D0F5EF10055A881 /* LaunchScreen.storyboard */,
				C6E70CB01D0F5EF10055A881 /* Info.plist */,
			);
			path = "WelcomeAgentSwift - Myers";
			sourceTree = "<group>";
		};
/* End PBXGroup section */

/* Begin PBXNativeTarget section */
		C6E70CA01D0F5EF10055A881 /* WelcomeAgentSwift - Myers */ = {
			isa = PBXNativeTarget;
			buildConfigurationList = C6E70CB31D0F5EF10055A881 /* Build configuration list for PBXNativeTarget "WelcomeAgentSwift - Myers" */;
			buildPhases = (
				C6E70C9D1D0F5EF10055A881 /* Sources */,
				C6E70C9E1D0F5EF10055A881 /* Frameworks */,
				C6E70C9F1D0F5EF10055A881 /* Resources */,
			);
			buildRules = (
			);
			dependencies = (
			);
			name = "WelcomeAgentSwift - Myers";
			productName = "WelcomeAgentSwift - Myers";
			productReference = C6E70CA11D0F5EF10055A881 /* WelcomeAgentSwift - Myers.app */;
			productType = "com.apple.product-type.application";
		};
/* End PBXNativeTarget section */

/* Begin PBXProject section */
		C6E70C991D0F5EF10055A881 /* Project object */ = {
			isa = PBXProject;
			attributes = {
				LastSwiftUpdateCheck = 0730;
				LastUpgradeCheck = 0730;
				ORGANIZATIONNAME = "Dragoman Developers, LLC";
				TargetAttributes = {
					C6E70CA01D0F5EF10055A881 = {
						CreatedOnToolsVersion = 7.3.1;
					};
				};
			};
			buildConfigurationList = C6E70C9C1D0F5EF10055A881 /* Build configuration list for PBXProject "WelcomeAgentSwift - Myers" */;
			compatibilityVersion = "Xcode 3.2";
			developmentRegion = English;
			hasScannedForEncodings = 0;
			knownRegions = (
				en,
				Base,
			);
			mainGroup = C6E70C981D0F5EF10055A881;
			productRefGroup = C6E70CA21D0F5EF10055A881 /* Products */;
			projectDirPath = "";
			projectRoot = "";
			targets = (
				C6E70CA01D0F5EF10055A881 /* WelcomeAgentSwift - Myers */,
			);
		};
/* End PBXProject section */

/* Begin PBXResourcesBuildPhase section */
		C6E70C9F1D0F5EF10055A881 /* Resources */ = {
			isa = PBXResourcesBuildPhase;
			buildActionMask = 2147483647;
			files = (
				C6E70CAF1D0F5EF10055A881 /* LaunchScreen.storyboard in Resources */,
				C6E70CAC1D0F5EF10055A881 /* Assets.xcassets in Resources */,
				C6E70CAA1D0F5EF10055A881 /* Main.storyboard in Resources */,
			);
			runOnlyForDeploymentPostprocessing = 0;
		};
/* End PBXResourcesBuildPhase section */

/* Begin PBXSourcesBuildPhase section */
		C6E70C9D1D0F5EF10055A881 /* Sources */ = {
			isa = PBXSourcesBuildPhase;
			buildActionMask = 2147483647;
			files = (
				C6E70CA71D0F5EF10055A881 /* ViewController.swift in Sources */,
				C6E70CA51D0F5EF10055A881 /* AppDelegate.swift in Sources */,
			);
			runOnlyForDeploymentPostprocessing = 0;
		};
/* End PBXSourcesBuildPhase section */

/* Begin PBXVariantGroup section */
		C6E70CA81D0F5EF10055A881 /* Main.storyboard */ = {
			isa = PBXVariantGroup;
			children = (
				C6E70CA91D0F5EF10055A881 /* Base */,
			);
			name = Main.storyboard;
			sourceTree = "<group>";
		};
		C6E70CAD1D0F5EF10055A881 /* LaunchScreen.storyboard */ = {
			isa = PBXVariantGroup;
			children = (
				C6E70CAE1D0F5EF10055A881 /* Base */,
			);
			name = LaunchScreen.storyboard;
			sourceTree = "<group>";
		};
/* End PBXVariantGroup section */

/* Begin XCBuildConfiguration section */
		C6E70CB11D0F5EF10055A881 /* Debug */ = {
			isa = XCBuildConfiguration;
			buildSettings = {
				ALWAYS_SEARCH_USER_PATHS = NO;
				CLANG_ANALYZER_NONNULL = YES;
				CLANG_CXX_LANGUAGE_STANDARD = "gnu++0x";
				CLANG_CXX_LIBRARY = "libc++";
				CLANG_ENABLE_MODULES = YES;
				CLANG_ENABLE_OBJC_ARC = YES;
				CLANG_WARN_BOOL_CONVERSION = YES;
				CLANG_WARN_CONSTANT_CONVERSION = YES;
				CLANG_WARN_DIRECT_OBJC_ISA_USAGE = YES_ERROR;
				CLANG_WARN_EMPTY_BODY = YES;
				CLANG_WARN_ENUM_CONVERSION = YES;
				CLANG_WARN_INT_CONVERSION = YES;
				CLANG_WARN_OBJC_ROOT_CLASS = YES_ERROR;
				CLANG_WARN_UNREACHABLE_CODE = YES;
				CLANG_WARN__DUPLICATE_METHOD_MATCH = YES;
				"CODE_SIGN_IDENTITY[sdk=iphoneos*]" = "iPhone Developer";
				COPY_PHASE_STRIP = NO;
				DEBUG_INFORMATION_FORMAT = dwarf;
				ENABLE_STRICT_OBJC_MSGSEND = YES;
				ENABLE_TESTABILITY = YES;
				GCC_C_LANGUAGE_STANDARD = gnu99;
				GCC_DYNAMIC_NO_PIC = NO;
				GCC_NO_COMMON_BLOCKS = YES;
				GCC_OPTIMIZATION_LEVEL = 0;
				GCC_PREPROCESSOR_DEFINITIONS = (
					"DEBUG=1",
					"$(inherited)",
				);
				GCC_WARN_64_TO_32_BIT_CONVERSION = YES;
				GCC_WARN_ABOUT_RETURN_TYPE = YES_ERROR;
				GCC_WARN_UNDECLARED_SELECTOR = YES;
				GCC_WARN_UNINITIALIZED_AUTOS = YES_AGGRESSIVE;
				GCC_WARN_UNUSED_FUNCTION = YES;
				GCC_WARN_UNUSED_VARIABLE = YES;
				IPHONEOS_DEPLOYMENT_TARGET = 9.3;
				MTL_ENABLE_DEBUG_INFO = YES;
				ONLY_ACTIVE_ARCH = YES;
				SDKROOT = iphoneos;
				SWIFT_OPTIMIZATION_LEVEL = "-Onone";
			};
			name = Debug;
		};
		C6E70CB21D0F5EF10055A881 /* Release */ = {
			isa = XCBuildConfiguration;
			buildSettings = {
				ALWAYS_SEARCH_USER_PATHS = NO;
				CLANG_ANALYZER_NONNULL = YES;
				CLANG_CXX_LANGUAGE_STANDARD = "gnu++0x";
				CLANG_CXX_LIBRARY = "libc++";
				CLANG_ENABLE_MODULES = YES;
				CLANG_ENABLE_OBJC_ARC = YES;
				CLANG_WARN_BOOL_CONVERSION = YES;
				CLANG_WARN_CONSTANT_CONVERSION = YES;
				CLANG_WARN_DIRECT_OBJC_ISA_USAGE = YES_ERROR;
				CLANG_WARN_EMPTY_BODY = YES;
				CLANG_WARN_ENUM_CONVERSION = YES;
				CLANG_WARN_INT_CONVERSION = YES;
				CLANG_WARN_OBJC_ROOT_CLASS = YES_ERROR;
				CLANG_WARN_UNREACHABLE_CODE = YES;
				CLANG_WARN__DUPLICATE_METHOD_MATCH = YES;
				"CODE_SIGN_IDENTITY[sdk=iphoneos*]" = "iPhone Developer";
				COPY_PHASE_STRIP = NO;
				DEBUG_INFORMATION_FORMAT = "dwarf-with-dsym";
				ENABLE_NS_ASSERTIONS = NO;
				ENABLE_STRICT_OBJC_MSGSEND = YES;
				GCC_C_LANGUAGE_STANDARD = gnu99;
				GCC_NO_COMMON_BLOCKS = YES;
				GCC_WARN_64_TO_32_BIT_CONVERSION = YES;
				GCC_WARN_ABOUT_RETURN_TYPE = YES_ERROR;
				GCC_WARN_UNDECLARED_SELECTOR = YES;
				GCC_WARN_UNINITIALIZED_AUTOS = YES_AGGRESSIVE;
				GCC_WARN_UNUSED_FUNCTION = YES;
				GCC_WARN_UNUSED_VARIABLE = YES;
				IPHONEOS_DEPLOYMENT_TARGET = 9.3;
				MTL_ENABLE_DEBUG_INFO = NO;
				SDKROOT = iphoneos;
				VALIDATE_PRODUCT = YES;
			};
			name = Release;
		};
		C6E70CB41D0F5EF10055A881 /* Debug */ = {
			isa = XCBuildConfiguration;
			buildSettings = {
				ASSETCATALOG_COMPILER_APPICON_NAME = AppIcon;
				INFOPLIST_FILE = "WelcomeAgentSwift - Myers/Info.plist";
				LD_RUNPATH_SEARCH_PATHS = "$(inherited) @executable_path/Frameworks";
				PRODUCT_BUNDLE_IDENTIFIER = "com.dragomandevelopers.WelcomeAgentSwift---Myers";
				PRODUCT_NAME = "$(TARGET_NAME)";
			};
			name = Debug;
		};
		C6E70CB51D0F5EF10055A881 /* Release */ = {
			isa = XCBuildConfiguration;
			buildSettings = {
				ASSETCATALOG_COMPILER_APPICON_NAME = AppIcon;
				INFOPLIST_FILE = "WelcomeAgentSwift - Myers/Info.plist";
				LD_RUNPATH_SEARCH_PATHS = "$(inherited) @executable_path/Frameworks";
				PRODUCT_BUNDLE_IDENTIFIER = "com.dragomandevelopers.WelcomeAgentSwift---Myers";
				PRODUCT_NAME = "$(TARGET_NAME)";
			};
			name = Release;
		};
/* End XCBuildConfiguration section */

/* Begin XCConfigurationList section */
		C6E70C9C1D0F5EF10055A881 /* Build configuration list for PBXProject "WelcomeAgentSwift - Myers" */ = {
			isa = XCConfigurationList;
			buildConfigurations = (
				C6E70CB11D0F5EF10055A881 /* Debug */,
				C6E70CB21D0F5EF10055A881 /* Release */,
			);
			defaultConfigurationIsVisible = 0;
			defaultConfigurationName = Release;
		};
		C6E70CB31D0F5EF10055A881 /* Build configuration list for PBXNativeTarget "WelcomeAgentSwift - Myers" */ = {
			isa = XCConfigurationList;
			buildConfigurations = (
				C6E70CB41D0F5EF10055A881 /* Debug */,
				C6E70CB51D0F5EF10055A881 /* Release */,
			);
			defaultConfigurationIsVisible = 0;
		};
/* End XCConfigurationList section */
	};
	rootObject = C6E70C991D0F5EF10055A881 /* Project object */;
}
